
Microsoft Visual Studio Solution File, Format Version 12.00
# Visual Studio Version 17
VisualStudioVersion = 17.2.32630.192
MinimumVisualStudioVersion = 10.0.40219.1
Project("{9A19103F-16F7-4668-BE54-9A1E7A4F7556}") = "R5T.T0217.Construction", "R5T.T0217.Construction\R5T.T0217.Construction.csproj", "{FCABD09B-5377-452A-A30F-311186371734}"
EndProject
Project("{9A19103F-16F7-4668-BE54-9A1E7A4F7556}") = "R5T.T0217", "R5T.T0217\R5T.T0217.csproj", "{CF5EFB3B-D75A-4778-BE63-6101D9DB14CD}"
EndProject
Project("{2150E333-8FDC-42A3-9474-1A3956D46DE8}") = "_Dependencies", "_Dependencies", "{ADB45620-C9F5-4E84-9C57-B8DBDAAE668F}"
EndProject
Project("{9A19103F-16F7-4668-BE54-9A1E7A4F7556}") = "R5T.T0132", "..\..\R5T.T0132\source\R5T.T0132\R5T.T0132.csproj", "{3F75484E-B653-413A-8DAF-22577F1EF61C}"
EndProject
Project("{9A19103F-16F7-4668-BE54-9A1E7A4F7556}") = "R5T.T0143", "..\..\R5T.T0143\source\R5T.T0143\R5T.T0143.csproj", "{305956C2-CE66-45EC-A055-143D1FE62DE2}"
EndProject
Project("{9A19103F-16F7-4668-BE54-9A1E7A4F7556}") = "R5T.T0178", "..\..\R5T.T0178\source\R5T.T0178\R5T.T0178.csproj", "{81B3FF45-E06D-488B-8028-1DC31F26D7F4}"
EndProject
Project("{9A19103F-16F7-4668-BE54-9A1E7A4F7556}") = "R5T.T0179", "..\..\R5T.T0179\source\R5T.T0179\R5T.T0179.csproj", "{1223E375-505B-4000-8115-188A66AEEB27}"
EndProject
Project("{9A19103F-16F7-4668-BE54-9A1E7A4F7556}") = "R5T.T0131", "..\..\R5T.T0131\source\R5T.T0131\R5T.T0131.csproj", "{DC0C2440-57AA-467B-9F16-80390FBBB31D}"
EndProject
Global
	GlobalSection(NestedProjects) = preSolution
		{3F75484E-B653-413A-8DAF-22577F1EF61C} = {ADB45620-C9F5-4E84-9C57-B8DBDAAE668F}
		{305956C2-CE66-45EC-A055-143D1FE62DE2} = {ADB45620-C9F5-4E84-9C57-B8DBDAAE668F}
		{81B3FF45-E06D-488B-8028-1DC31F26D7F4} = {ADB45620-C9F5-4E84-9C57-B8DBDAAE668F}
		{1223E375-505B-4000-8115-188A66AEEB27} = {ADB45620-C9F5-4E84-9C57-B8DBDAAE668F}
		{DC0C2440-57AA-467B-9F16-80390FBBB31D} = {ADB45620-C9F5-4E84-9C57-B8DBDAAE668F}
	EndGlobalSection
	GlobalSection(SolutionConfigurationPlatforms) = preSolution
		Debug|Any CPU = Debug|Any CPU
		Release|Any CPU = Release|Any CPU
	EndGlobalSection
	GlobalSection(ProjectConfigurationPlatforms) = postSolution
		{FCABD09B-5377-452A-A30F-311186371734}.Debug|Any CPU.ActiveCfg = Debug|Any CPU
		{FCABD09B-5377-452A-A30F-311186371734}.Debug|Any CPU.Build.0 = Debug|Any CPU
		{FCABD09B-5377-452A-A30F-311186371734}.Release|Any CPU.ActiveCfg = Release|Any CPU
		{FCABD09B-5377-452A-A30F-311186371734}.Release|Any CPU.Build.0 = Release|Any CPU
		{CF5EFB3B-D75A-4778-BE63-6101D9DB14CD}.Debug|Any CPU.ActiveCfg = Debug|Any CPU
		{CF5EFB3B-D75A-4778-BE63-6101D9DB14CD}.Debug|Any CPU.Build.0 = Debug|Any CPU
		{CF5EFB3B-D75A-4778-BE63-6101D9DB14CD}.Release|Any CPU.ActiveCfg = Release|Any CPU
		{CF5EFB3B-D75A-4778-BE63-6101D9DB14CD}.Release|Any CPU.Build.0 = Release|Any CPU
		{3F75484E-B653-413A-8DAF-22577F1EF61C}.Debug|Any CPU.ActiveCfg = Debug|Any CPU
		{3F75484E-B653-413A-8DAF-22577F1EF61C}.Debug|Any CPU.Build.0 = Debug|Any CPU
		{3F75484E-B653-413A-8DAF-22577F1EF61C}.Release|Any CPU.ActiveCfg = Release|Any CPU
		{3F75484E-B653-413A-8DAF-22577F1EF61C}.Release|Any CPU.Build.0 = Release|Any CPU
		{305956C2-CE66-45EC-A055-143D1FE62DE2}.Debug|Any CPU.ActiveCfg = Debug|Any CPU
		{305956C2-CE66-45EC-A055-143D1FE62DE2}.Debug|Any CPU.Build.0 = Debug|Any CPU
		{305956C2-CE66-45EC-A055-143D1FE62DE2}.Release|Any CPU.ActiveCfg = Release|Any CPU
		{305956C2-CE66-45EC-A055-143D1FE62DE2}.Release|Any CPU.Build.0 = Release|Any CPU
		{81B3FF45-E06D-488B-8028-1DC31F26D7F4}.Debug|Any CPU.ActiveCfg = Debug|Any CPU
		{81B3FF45-E06D-488B-8028-1DC31F26D7F4}.Debug|Any CPU.Build.0 = Debug|Any CPU
		{81B3FF45-E06D-488B-8028-1DC31F26D7F4}.Release|Any CPU.ActiveCfg = Release|Any CPU
		{81B3FF45-E06D-488B-8028-1DC31F26D7F4}.Release|Any CPU.Build.0 = Release|Any CPU
		{1223E375-505B-4000-8115-188A66AEEB27}.Debug|Any CPU.ActiveCfg = Debug|Any CPU
		{1223E375-505B-4000-8115-188A66AEEB27}.Debug|Any CPU.Build.0 = Debug|Any CPU
		{1223E375-505B-4000-8115-188A66AEEB27}.Release|Any CPU.ActiveCfg = Release|Any CPU
		{1223E375-505B-4000-8115-188A66AEEB27}.Release|Any CPU.Build.0 = Release|Any CPU
		{DC0C2440-57AA-467B-9F16-80390FBBB31D}.Debug|Any CPU.ActiveCfg = Debug|Any CPU
		{DC0C2440-57AA-467B-9F16-80390FBBB31D}.Debug|Any CPU.Build.0 = Debug|Any CPU
		{DC0C2440-57AA-467B-9F16-80390FBBB31D}.Release|Any CPU.ActiveCfg = Release|Any CPU
		{DC0C2440-57AA-467B-9F16-80390FBBB31D}.Release|Any CPU.Build.0 = Release|Any CPU
	EndGlobalSection
	GlobalSection(SolutionProperties) = preSolution
		HideSolutionNode = FALSE
	EndGlobalSection
	GlobalSection(ExtensibilityGlobals) = postSolution
		SolutionGuid = {90EFFA53-635F-490C-AB52-3339E1F371A6}
	EndGlobalSection
EndGlobal
