
Microsoft Visual Studio Solution File, Format Version 12.00
# Visual Studio Version 17
VisualStudioVersion = 17.2.32630.192
MinimumVisualStudioVersion = 10.0.40219.1
Project("{9A19103F-16F7-4668-BE54-9A1E7A4F7556}") = "R5T.T0217", "R5T.T0217\R5T.T0217.csproj", "{B824D10B-F0F8-4308-80AF-72E959E6181A}"
EndProject
Project("{2150E333-8FDC-42A3-9474-1A3956D46DE8}") = "_Dependencies", "_Dependencies", "{02B57F5B-C8DA-41D8-9B9E-87704F985F63}"
EndProject
Project("{9A19103F-16F7-4668-BE54-9A1E7A4F7556}") = "R5T.T0132", "..\..\R5T.T0132\source\R5T.T0132\R5T.T0132.csproj", "{A35B00D3-999B-44F8-8E75-8229E00414F6}"
EndProject
Project("{9A19103F-16F7-4668-BE54-9A1E7A4F7556}") = "R5T.T0143", "..\..\R5T.T0143\source\R5T.T0143\R5T.T0143.csproj", "{401D61DF-6942-4B42-84F4-4C18F1F5BC68}"
EndProject
Project("{9A19103F-16F7-4668-BE54-9A1E7A4F7556}") = "R5T.T0178", "..\..\R5T.T0178\source\R5T.T0178\R5T.T0178.csproj", "{0E3E5347-CDA6-439A-88D6-375B67D0DFCC}"
EndProject
Project("{9A19103F-16F7-4668-BE54-9A1E7A4F7556}") = "R5T.T0179", "..\..\R5T.T0179\source\R5T.T0179\R5T.T0179.csproj", "{E0D4FB5C-3DA3-426D-9F8D-713FC5BA17C4}"
EndProject
Project("{9A19103F-16F7-4668-BE54-9A1E7A4F7556}") = "R5T.T0131", "..\..\R5T.T0131\source\R5T.T0131\R5T.T0131.csproj", "{30D80BB4-4CAC-4572-BDD0-1A661B5A16EA}"
EndProject
Project("{9A19103F-16F7-4668-BE54-9A1E7A4F7556}") = "R5T.T0217.F001", "R5T.T0217.F001\R5T.T0217.F001.csproj", "{EF2AC093-C2C2-4746-9064-5E598494025A}"
EndProject
Project("{9A19103F-16F7-4668-BE54-9A1E7A4F7556}") = "R5T.F0000", "..\..\R5T.F0000\source\R5T.F0000\R5T.F0000.csproj", "{0219A7DF-4E59-4DFA-93E4-BA0636BEA27E}"
EndProject
Project("{9A19103F-16F7-4668-BE54-9A1E7A4F7556}") = "R5T.F0002", "..\..\R5T.F0002\source\R5T.F0002\R5T.F0002.csproj", "{85A4ED14-9DF2-47A2-8C8A-1B8B40E5EB1D}"
EndProject
Project("{9A19103F-16F7-4668-BE54-9A1E7A4F7556}") = "R5T.F0120", "..\..\R5T.F0120\source\R5T.F0120\R5T.F0120.csproj", "{82FB41BF-82AA-457E-B983-308FE64AE549}"
EndProject
Project("{9A19103F-16F7-4668-BE54-9A1E7A4F7556}") = "R5T.F0124", "..\..\R5T.F0124\source\R5T.F0124\R5T.F0124.csproj", "{989C960A-9DCE-440F-A0C1-19854BADF6C7}"
EndProject
Project("{9A19103F-16F7-4668-BE54-9A1E7A4F7556}") = "R5T.F0125", "..\..\R5T.F0125\source\R5T.F0125\R5T.F0125.csproj", "{EF67C4EC-562F-490F-BBA6-07815BDEC0D2}"
EndProject
Project("{9A19103F-16F7-4668-BE54-9A1E7A4F7556}") = "R5T.L0030.T000", "..\..\R5T.L0030\source\R5T.L0030.T000\R5T.L0030.T000.csproj", "{111F1C09-2E34-4D7F-9292-8FA64E9C4748}"
EndProject
Project("{9A19103F-16F7-4668-BE54-9A1E7A4F7556}") = "R5T.L0030", "..\..\R5T.L0030\source\R5T.L0030\R5T.L0030.csproj", "{7832E09F-099C-41FA-82CE-F79071B334B9}"
EndProject
Project("{9A19103F-16F7-4668-BE54-9A1E7A4F7556}") = "R5T.L0034", "..\..\R5T.L0034\source\R5T.L0034\R5T.L0034.csproj", "{3C938D30-DB2E-43BD-8238-8C7E14690CE8}"
EndProject
Project("{9A19103F-16F7-4668-BE54-9A1E7A4F7556}") = "R5T.L0035", "..\..\R5T.L0035\source\R5T.L0035\R5T.L0035.csproj", "{7A476C12-EDBD-4D29-B548-9D509CBE18A9}"
EndProject
Project("{9A19103F-16F7-4668-BE54-9A1E7A4F7556}") = "R5T.NG0022", "..\..\R5T.NG0022\source\R5T.NG0022\R5T.NG0022.csproj", "{2D452AD9-9B3A-44A9-BFCB-68C5FFA91FB6}"
EndProject
Project("{9A19103F-16F7-4668-BE54-9A1E7A4F7556}") = "R5T.T0142", "..\..\R5T.T0142\source\R5T.T0142\R5T.T0142.csproj", "{09B7D434-6323-42E3-B403-5D406096366B}"
EndProject
Project("{9A19103F-16F7-4668-BE54-9A1E7A4F7556}") = "R5T.T0156", "..\..\R5T.T0156\source\R5T.T0156\R5T.T0156.csproj", "{F287CFB5-9B8D-4BD6-96FE-708B5AA3AE75}"
EndProject
Project("{9A19103F-16F7-4668-BE54-9A1E7A4F7556}") = "R5T.T0174", "..\..\R5T.T0174\source\R5T.T0174\R5T.T0174.csproj", "{F60766C4-1481-4A26-A2C5-1B0EFC811F04}"
EndProject
Project("{9A19103F-16F7-4668-BE54-9A1E7A4F7556}") = "R5T.T0176", "..\..\R5T.T0176\source\R5T.T0176\R5T.T0176.csproj", "{C94F4044-CBCE-4EF9-8C3D-6FD547E94A4E}"
EndProject
Project("{9A19103F-16F7-4668-BE54-9A1E7A4F7556}") = "R5T.T0177", "..\..\R5T.T0177\source\R5T.T0177\R5T.T0177.csproj", "{335FABFE-845E-47BE-BA3E-6196F5C1E815}"
EndProject
Project("{9A19103F-16F7-4668-BE54-9A1E7A4F7556}") = "R5T.T0180", "..\..\R5T.T0180\source\R5T.T0180\R5T.T0180.csproj", "{649F9C77-2A1D-4410-A785-60A6106F9E5E}"
EndProject
Project("{9A19103F-16F7-4668-BE54-9A1E7A4F7556}") = "R5T.T0181", "..\..\R5T.T0181\source\R5T.T0181\R5T.T0181.csproj", "{F9999B66-B47F-4254-90F1-EEEBE8F2AD70}"
EndProject
Project("{9A19103F-16F7-4668-BE54-9A1E7A4F7556}") = "R5T.T0185", "..\..\R5T.T0185\source\R5T.T0185\R5T.T0185.csproj", "{7FF09476-A873-470B-A15E-30065D268CD4}"
EndProject
Project("{9A19103F-16F7-4668-BE54-9A1E7A4F7556}") = "R5T.T0203", "..\..\R5T.T0203\source\R5T.T0203\R5T.T0203.csproj", "{E0F817AA-AA95-4B1C-810A-26A3CCDDDDDC}"
EndProject
Project("{9A19103F-16F7-4668-BE54-9A1E7A4F7556}") = "R5T.Y0000", "..\..\R5T.Y0000\source\R5T.Y0000\R5T.Y0000.csproj", "{3010EE33-F383-46B4-A13F-972733773C5B}"
EndProject
Project("{9A19103F-16F7-4668-BE54-9A1E7A4F7556}") = "R5T.Z0000", "..\..\R5T.Z0000\source\R5T.Z0000\R5T.Z0000.csproj", "{EAB6AE1C-D970-44B7-AD55-491E3AEDE141}"
EndProject
Project("{9A19103F-16F7-4668-BE54-9A1E7A4F7556}") = "R5T.L0032.T000", "..\..\R5T.L0032\source\R5T.L0032.T000\R5T.L0032.T000.csproj", "{28E0F87F-5A07-4B32-9ED9-41F5A4D1426A}"
EndProject
Project("{9A19103F-16F7-4668-BE54-9A1E7A4F7556}") = "R5T.T0150", "..\..\R5T.T0150\source\R5T.T0150\R5T.T0150.csproj", "{21B63251-43DA-41EE-84B7-C7B1527F5E61}"
EndProject
Project("{9A19103F-16F7-4668-BE54-9A1E7A4F7556}") = "R5T.T0151", "..\..\R5T.T0151\source\R5T.T0151\R5T.T0151.csproj", "{FF8B7E25-AD9B-487C-BF79-2DBF7B7E8C8C}"
EndProject
Project("{9A19103F-16F7-4668-BE54-9A1E7A4F7556}") = "R5T.T0172", "..\..\R5T.T0172\source\R5T.T0172\R5T.T0172.csproj", "{30230BB7-7A41-4D85-A9F5-A186A53835AC}"
EndProject
Project("{9A19103F-16F7-4668-BE54-9A1E7A4F7556}") = "R5T.T0198", "..\..\R5T.T0198\source\R5T.T0198\R5T.T0198.csproj", "{41C8CAB3-7D18-41D7-B58F-4B41533B6929}"
EndProject
Project("{9A19103F-16F7-4668-BE54-9A1E7A4F7556}") = "R5T.T0218", "..\..\R5T.T0218\source\R5T.T0218\R5T.T0218.csproj", "{58757ED5-EEB4-4AB9-934A-91896EF97495}"
EndProject
Global
	GlobalSection(NestedProjects) = preSolution
		{A35B00D3-999B-44F8-8E75-8229E00414F6} = {02B57F5B-C8DA-41D8-9B9E-87704F985F63}
		{401D61DF-6942-4B42-84F4-4C18F1F5BC68} = {02B57F5B-C8DA-41D8-9B9E-87704F985F63}
		{0E3E5347-CDA6-439A-88D6-375B67D0DFCC} = {02B57F5B-C8DA-41D8-9B9E-87704F985F63}
		{E0D4FB5C-3DA3-426D-9F8D-713FC5BA17C4} = {02B57F5B-C8DA-41D8-9B9E-87704F985F63}
		{30D80BB4-4CAC-4572-BDD0-1A661B5A16EA} = {02B57F5B-C8DA-41D8-9B9E-87704F985F63}
		{0219A7DF-4E59-4DFA-93E4-BA0636BEA27E} = {02B57F5B-C8DA-41D8-9B9E-87704F985F63}
		{85A4ED14-9DF2-47A2-8C8A-1B8B40E5EB1D} = {02B57F5B-C8DA-41D8-9B9E-87704F985F63}
		{82FB41BF-82AA-457E-B983-308FE64AE549} = {02B57F5B-C8DA-41D8-9B9E-87704F985F63}
		{989C960A-9DCE-440F-A0C1-19854BADF6C7} = {02B57F5B-C8DA-41D8-9B9E-87704F985F63}
		{EF67C4EC-562F-490F-BBA6-07815BDEC0D2} = {02B57F5B-C8DA-41D8-9B9E-87704F985F63}
		{111F1C09-2E34-4D7F-9292-8FA64E9C4748} = {02B57F5B-C8DA-41D8-9B9E-87704F985F63}
		{7832E09F-099C-41FA-82CE-F79071B334B9} = {02B57F5B-C8DA-41D8-9B9E-87704F985F63}
		{3C938D30-DB2E-43BD-8238-8C7E14690CE8} = {02B57F5B-C8DA-41D8-9B9E-87704F985F63}
		{7A476C12-EDBD-4D29-B548-9D509CBE18A9} = {02B57F5B-C8DA-41D8-9B9E-87704F985F63}
		{2D452AD9-9B3A-44A9-BFCB-68C5FFA91FB6} = {02B57F5B-C8DA-41D8-9B9E-87704F985F63}
		{09B7D434-6323-42E3-B403-5D406096366B} = {02B57F5B-C8DA-41D8-9B9E-87704F985F63}
		{F287CFB5-9B8D-4BD6-96FE-708B5AA3AE75} = {02B57F5B-C8DA-41D8-9B9E-87704F985F63}
		{F60766C4-1481-4A26-A2C5-1B0EFC811F04} = {02B57F5B-C8DA-41D8-9B9E-87704F985F63}
		{C94F4044-CBCE-4EF9-8C3D-6FD547E94A4E} = {02B57F5B-C8DA-41D8-9B9E-87704F985F63}
		{335FABFE-845E-47BE-BA3E-6196F5C1E815} = {02B57F5B-C8DA-41D8-9B9E-87704F985F63}
		{649F9C77-2A1D-4410-A785-60A6106F9E5E} = {02B57F5B-C8DA-41D8-9B9E-87704F985F63}
		{F9999B66-B47F-4254-90F1-EEEBE8F2AD70} = {02B57F5B-C8DA-41D8-9B9E-87704F985F63}
		{7FF09476-A873-470B-A15E-30065D268CD4} = {02B57F5B-C8DA-41D8-9B9E-87704F985F63}
		{E0F817AA-AA95-4B1C-810A-26A3CCDDDDDC} = {02B57F5B-C8DA-41D8-9B9E-87704F985F63}
		{3010EE33-F383-46B4-A13F-972733773C5B} = {02B57F5B-C8DA-41D8-9B9E-87704F985F63}
		{EAB6AE1C-D970-44B7-AD55-491E3AEDE141} = {02B57F5B-C8DA-41D8-9B9E-87704F985F63}
		{28E0F87F-5A07-4B32-9ED9-41F5A4D1426A} = {02B57F5B-C8DA-41D8-9B9E-87704F985F63}
		{21B63251-43DA-41EE-84B7-C7B1527F5E61} = {02B57F5B-C8DA-41D8-9B9E-87704F985F63}
		{FF8B7E25-AD9B-487C-BF79-2DBF7B7E8C8C} = {02B57F5B-C8DA-41D8-9B9E-87704F985F63}
		{30230BB7-7A41-4D85-A9F5-A186A53835AC} = {02B57F5B-C8DA-41D8-9B9E-87704F985F63}
		{41C8CAB3-7D18-41D7-B58F-4B41533B6929} = {02B57F5B-C8DA-41D8-9B9E-87704F985F63}
		{58757ED5-EEB4-4AB9-934A-91896EF97495} = {02B57F5B-C8DA-41D8-9B9E-87704F985F63}
	EndGlobalSection
	GlobalSection(SolutionConfigurationPlatforms) = preSolution
		Debug|Any CPU = Debug|Any CPU
		Release|Any CPU = Release|Any CPU
	EndGlobalSection
	GlobalSection(ProjectConfigurationPlatforms) = postSolution
		{B824D10B-F0F8-4308-80AF-72E959E6181A}.Debug|Any CPU.ActiveCfg = Debug|Any CPU
		{B824D10B-F0F8-4308-80AF-72E959E6181A}.Debug|Any CPU.Build.0 = Debug|Any CPU
		{B824D10B-F0F8-4308-80AF-72E959E6181A}.Release|Any CPU.ActiveCfg = Release|Any CPU
		{B824D10B-F0F8-4308-80AF-72E959E6181A}.Release|Any CPU.Build.0 = Release|Any CPU
		{A35B00D3-999B-44F8-8E75-8229E00414F6}.Debug|Any CPU.ActiveCfg = Debug|Any CPU
		{A35B00D3-999B-44F8-8E75-8229E00414F6}.Debug|Any CPU.Build.0 = Debug|Any CPU
		{A35B00D3-999B-44F8-8E75-8229E00414F6}.Release|Any CPU.ActiveCfg = Release|Any CPU
		{A35B00D3-999B-44F8-8E75-8229E00414F6}.Release|Any CPU.Build.0 = Release|Any CPU
		{401D61DF-6942-4B42-84F4-4C18F1F5BC68}.Debug|Any CPU.ActiveCfg = Debug|Any CPU
		{401D61DF-6942-4B42-84F4-4C18F1F5BC68}.Debug|Any CPU.Build.0 = Debug|Any CPU
		{401D61DF-6942-4B42-84F4-4C18F1F5BC68}.Release|Any CPU.ActiveCfg = Release|Any CPU
		{401D61DF-6942-4B42-84F4-4C18F1F5BC68}.Release|Any CPU.Build.0 = Release|Any CPU
		{0E3E5347-CDA6-439A-88D6-375B67D0DFCC}.Debug|Any CPU.ActiveCfg = Debug|Any CPU
		{0E3E5347-CDA6-439A-88D6-375B67D0DFCC}.Debug|Any CPU.Build.0 = Debug|Any CPU
		{0E3E5347-CDA6-439A-88D6-375B67D0DFCC}.Release|Any CPU.ActiveCfg = Release|Any CPU
		{0E3E5347-CDA6-439A-88D6-375B67D0DFCC}.Release|Any CPU.Build.0 = Release|Any CPU
		{E0D4FB5C-3DA3-426D-9F8D-713FC5BA17C4}.Debug|Any CPU.ActiveCfg = Debug|Any CPU
		{E0D4FB5C-3DA3-426D-9F8D-713FC5BA17C4}.Debug|Any CPU.Build.0 = Debug|Any CPU
		{E0D4FB5C-3DA3-426D-9F8D-713FC5BA17C4}.Release|Any CPU.ActiveCfg = Release|Any CPU
		{E0D4FB5C-3DA3-426D-9F8D-713FC5BA17C4}.Release|Any CPU.Build.0 = Release|Any CPU
		{30D80BB4-4CAC-4572-BDD0-1A661B5A16EA}.Debug|Any CPU.ActiveCfg = Debug|Any CPU
		{30D80BB4-4CAC-4572-BDD0-1A661B5A16EA}.Debug|Any CPU.Build.0 = Debug|Any CPU
		{30D80BB4-4CAC-4572-BDD0-1A661B5A16EA}.Release|Any CPU.ActiveCfg = Release|Any CPU
		{30D80BB4-4CAC-4572-BDD0-1A661B5A16EA}.Release|Any CPU.Build.0 = Release|Any CPU
		{EF2AC093-C2C2-4746-9064-5E598494025A}.Debug|Any CPU.ActiveCfg = Debug|Any CPU
		{EF2AC093-C2C2-4746-9064-5E598494025A}.Debug|Any CPU.Build.0 = Debug|Any CPU
		{EF2AC093-C2C2-4746-9064-5E598494025A}.Release|Any CPU.ActiveCfg = Release|Any CPU
		{EF2AC093-C2C2-4746-9064-5E598494025A}.Release|Any CPU.Build.0 = Release|Any CPU
		{0219A7DF-4E59-4DFA-93E4-BA0636BEA27E}.Debug|Any CPU.ActiveCfg = Debug|Any CPU
		{0219A7DF-4E59-4DFA-93E4-BA0636BEA27E}.Debug|Any CPU.Build.0 = Debug|Any CPU
		{0219A7DF-4E59-4DFA-93E4-BA0636BEA27E}.Release|Any CPU.ActiveCfg = Release|Any CPU
		{0219A7DF-4E59-4DFA-93E4-BA0636BEA27E}.Release|Any CPU.Build.0 = Release|Any CPU
		{85A4ED14-9DF2-47A2-8C8A-1B8B40E5EB1D}.Debug|Any CPU.ActiveCfg = Debug|Any CPU
		{85A4ED14-9DF2-47A2-8C8A-1B8B40E5EB1D}.Debug|Any CPU.Build.0 = Debug|Any CPU
		{85A4ED14-9DF2-47A2-8C8A-1B8B40E5EB1D}.Release|Any CPU.ActiveCfg = Release|Any CPU
		{85A4ED14-9DF2-47A2-8C8A-1B8B40E5EB1D}.Release|Any CPU.Build.0 = Release|Any CPU
		{82FB41BF-82AA-457E-B983-308FE64AE549}.Debug|Any CPU.ActiveCfg = Debug|Any CPU
		{82FB41BF-82AA-457E-B983-308FE64AE549}.Debug|Any CPU.Build.0 = Debug|Any CPU
		{82FB41BF-82AA-457E-B983-308FE64AE549}.Release|Any CPU.ActiveCfg = Release|Any CPU
		{82FB41BF-82AA-457E-B983-308FE64AE549}.Release|Any CPU.Build.0 = Release|Any CPU
		{989C960A-9DCE-440F-A0C1-19854BADF6C7}.Debug|Any CPU.ActiveCfg = Debug|Any CPU
		{989C960A-9DCE-440F-A0C1-19854BADF6C7}.Debug|Any CPU.Build.0 = Debug|Any CPU
		{989C960A-9DCE-440F-A0C1-19854BADF6C7}.Release|Any CPU.ActiveCfg = Release|Any CPU
		{989C960A-9DCE-440F-A0C1-19854BADF6C7}.Release|Any CPU.Build.0 = Release|Any CPU
		{EF67C4EC-562F-490F-BBA6-07815BDEC0D2}.Debug|Any CPU.ActiveCfg = Debug|Any CPU
		{EF67C4EC-562F-490F-BBA6-07815BDEC0D2}.Debug|Any CPU.Build.0 = Debug|Any CPU
		{EF67C4EC-562F-490F-BBA6-07815BDEC0D2}.Release|Any CPU.ActiveCfg = Release|Any CPU
		{EF67C4EC-562F-490F-BBA6-07815BDEC0D2}.Release|Any CPU.Build.0 = Release|Any CPU
		{111F1C09-2E34-4D7F-9292-8FA64E9C4748}.Debug|Any CPU.ActiveCfg = Debug|Any CPU
		{111F1C09-2E34-4D7F-9292-8FA64E9C4748}.Debug|Any CPU.Build.0 = Debug|Any CPU
		{111F1C09-2E34-4D7F-9292-8FA64E9C4748}.Release|Any CPU.ActiveCfg = Release|Any CPU
		{111F1C09-2E34-4D7F-9292-8FA64E9C4748}.Release|Any CPU.Build.0 = Release|Any CPU
		{7832E09F-099C-41FA-82CE-F79071B334B9}.Debug|Any CPU.ActiveCfg = Debug|Any CPU
		{7832E09F-099C-41FA-82CE-F79071B334B9}.Debug|Any CPU.Build.0 = Debug|Any CPU
		{7832E09F-099C-41FA-82CE-F79071B334B9}.Release|Any CPU.ActiveCfg = Release|Any CPU
		{7832E09F-099C-41FA-82CE-F79071B334B9}.Release|Any CPU.Build.0 = Release|Any CPU
		{3C938D30-DB2E-43BD-8238-8C7E14690CE8}.Debug|Any CPU.ActiveCfg = Debug|Any CPU
		{3C938D30-DB2E-43BD-8238-8C7E14690CE8}.Debug|Any CPU.Build.0 = Debug|Any CPU
		{3C938D30-DB2E-43BD-8238-8C7E14690CE8}.Release|Any CPU.ActiveCfg = Release|Any CPU
		{3C938D30-DB2E-43BD-8238-8C7E14690CE8}.Release|Any CPU.Build.0 = Release|Any CPU
		{7A476C12-EDBD-4D29-B548-9D509CBE18A9}.Debug|Any CPU.ActiveCfg = Debug|Any CPU
		{7A476C12-EDBD-4D29-B548-9D509CBE18A9}.Debug|Any CPU.Build.0 = Debug|Any CPU
		{7A476C12-EDBD-4D29-B548-9D509CBE18A9}.Release|Any CPU.ActiveCfg = Release|Any CPU
		{7A476C12-EDBD-4D29-B548-9D509CBE18A9}.Release|Any CPU.Build.0 = Release|Any CPU
		{2D452AD9-9B3A-44A9-BFCB-68C5FFA91FB6}.Debug|Any CPU.ActiveCfg = Debug|Any CPU
		{2D452AD9-9B3A-44A9-BFCB-68C5FFA91FB6}.Debug|Any CPU.Build.0 = Debug|Any CPU
		{2D452AD9-9B3A-44A9-BFCB-68C5FFA91FB6}.Release|Any CPU.ActiveCfg = Release|Any CPU
		{2D452AD9-9B3A-44A9-BFCB-68C5FFA91FB6}.Release|Any CPU.Build.0 = Release|Any CPU
		{09B7D434-6323-42E3-B403-5D406096366B}.Debug|Any CPU.ActiveCfg = Debug|Any CPU
		{09B7D434-6323-42E3-B403-5D406096366B}.Debug|Any CPU.Build.0 = Debug|Any CPU
		{09B7D434-6323-42E3-B403-5D406096366B}.Release|Any CPU.ActiveCfg = Release|Any CPU
		{09B7D434-6323-42E3-B403-5D406096366B}.Release|Any CPU.Build.0 = Release|Any CPU
		{F287CFB5-9B8D-4BD6-96FE-708B5AA3AE75}.Debug|Any CPU.ActiveCfg = Debug|Any CPU
		{F287CFB5-9B8D-4BD6-96FE-708B5AA3AE75}.Debug|Any CPU.Build.0 = Debug|Any CPU
		{F287CFB5-9B8D-4BD6-96FE-708B5AA3AE75}.Release|Any CPU.ActiveCfg = Release|Any CPU
		{F287CFB5-9B8D-4BD6-96FE-708B5AA3AE75}.Release|Any CPU.Build.0 = Release|Any CPU
		{F60766C4-1481-4A26-A2C5-1B0EFC811F04}.Debug|Any CPU.ActiveCfg = Debug|Any CPU
		{F60766C4-1481-4A26-A2C5-1B0EFC811F04}.Debug|Any CPU.Build.0 = Debug|Any CPU
		{F60766C4-1481-4A26-A2C5-1B0EFC811F04}.Release|Any CPU.ActiveCfg = Release|Any CPU
		{F60766C4-1481-4A26-A2C5-1B0EFC811F04}.Release|Any CPU.Build.0 = Release|Any CPU
		{C94F4044-CBCE-4EF9-8C3D-6FD547E94A4E}.Debug|Any CPU.ActiveCfg = Debug|Any CPU
		{C94F4044-CBCE-4EF9-8C3D-6FD547E94A4E}.Debug|Any CPU.Build.0 = Debug|Any CPU
		{C94F4044-CBCE-4EF9-8C3D-6FD547E94A4E}.Release|Any CPU.ActiveCfg = Release|Any CPU
		{C94F4044-CBCE-4EF9-8C3D-6FD547E94A4E}.Release|Any CPU.Build.0 = Release|Any CPU
		{335FABFE-845E-47BE-BA3E-6196F5C1E815}.Debug|Any CPU.ActiveCfg = Debug|Any CPU
		{335FABFE-845E-47BE-BA3E-6196F5C1E815}.Debug|Any CPU.Build.0 = Debug|Any CPU
		{335FABFE-845E-47BE-BA3E-6196F5C1E815}.Release|Any CPU.ActiveCfg = Release|Any CPU
		{335FABFE-845E-47BE-BA3E-6196F5C1E815}.Release|Any CPU.Build.0 = Release|Any CPU
		{649F9C77-2A1D-4410-A785-60A6106F9E5E}.Debug|Any CPU.ActiveCfg = Debug|Any CPU
		{649F9C77-2A1D-4410-A785-60A6106F9E5E}.Debug|Any CPU.Build.0 = Debug|Any CPU
		{649F9C77-2A1D-4410-A785-60A6106F9E5E}.Release|Any CPU.ActiveCfg = Release|Any CPU
		{649F9C77-2A1D-4410-A785-60A6106F9E5E}.Release|Any CPU.Build.0 = Release|Any CPU
		{F9999B66-B47F-4254-90F1-EEEBE8F2AD70}.Debug|Any CPU.ActiveCfg = Debug|Any CPU
		{F9999B66-B47F-4254-90F1-EEEBE8F2AD70}.Debug|Any CPU.Build.0 = Debug|Any CPU
		{F9999B66-B47F-4254-90F1-EEEBE8F2AD70}.Release|Any CPU.ActiveCfg = Release|Any CPU
		{F9999B66-B47F-4254-90F1-EEEBE8F2AD70}.Release|Any CPU.Build.0 = Release|Any CPU
		{7FF09476-A873-470B-A15E-30065D268CD4}.Debug|Any CPU.ActiveCfg = Debug|Any CPU
		{7FF09476-A873-470B-A15E-30065D268CD4}.Debug|Any CPU.Build.0 = Debug|Any CPU
		{7FF09476-A873-470B-A15E-30065D268CD4}.Release|Any CPU.ActiveCfg = Release|Any CPU
		{7FF09476-A873-470B-A15E-30065D268CD4}.Release|Any CPU.Build.0 = Release|Any CPU
		{E0F817AA-AA95-4B1C-810A-26A3CCDDDDDC}.Debug|Any CPU.ActiveCfg = Debug|Any CPU
		{E0F817AA-AA95-4B1C-810A-26A3CCDDDDDC}.Debug|Any CPU.Build.0 = Debug|Any CPU
		{E0F817AA-AA95-4B1C-810A-26A3CCDDDDDC}.Release|Any CPU.ActiveCfg = Release|Any CPU
		{E0F817AA-AA95-4B1C-810A-26A3CCDDDDDC}.Release|Any CPU.Build.0 = Release|Any CPU
		{3010EE33-F383-46B4-A13F-972733773C5B}.Debug|Any CPU.ActiveCfg = Debug|Any CPU
		{3010EE33-F383-46B4-A13F-972733773C5B}.Debug|Any CPU.Build.0 = Debug|Any CPU
		{3010EE33-F383-46B4-A13F-972733773C5B}.Release|Any CPU.ActiveCfg = Release|Any CPU
		{3010EE33-F383-46B4-A13F-972733773C5B}.Release|Any CPU.Build.0 = Release|Any CPU
		{EAB6AE1C-D970-44B7-AD55-491E3AEDE141}.Debug|Any CPU.ActiveCfg = Debug|Any CPU
		{EAB6AE1C-D970-44B7-AD55-491E3AEDE141}.Debug|Any CPU.Build.0 = Debug|Any CPU
		{EAB6AE1C-D970-44B7-AD55-491E3AEDE141}.Release|Any CPU.ActiveCfg = Release|Any CPU
		{EAB6AE1C-D970-44B7-AD55-491E3AEDE141}.Release|Any CPU.Build.0 = Release|Any CPU
		{28E0F87F-5A07-4B32-9ED9-41F5A4D1426A}.Debug|Any CPU.ActiveCfg = Debug|Any CPU
		{28E0F87F-5A07-4B32-9ED9-41F5A4D1426A}.Debug|Any CPU.Build.0 = Debug|Any CPU
		{28E0F87F-5A07-4B32-9ED9-41F5A4D1426A}.Release|Any CPU.ActiveCfg = Release|Any CPU
		{28E0F87F-5A07-4B32-9ED9-41F5A4D1426A}.Release|Any CPU.Build.0 = Release|Any CPU
		{21B63251-43DA-41EE-84B7-C7B1527F5E61}.Debug|Any CPU.ActiveCfg = Debug|Any CPU
		{21B63251-43DA-41EE-84B7-C7B1527F5E61}.Debug|Any CPU.Build.0 = Debug|Any CPU
		{21B63251-43DA-41EE-84B7-C7B1527F5E61}.Release|Any CPU.ActiveCfg = Release|Any CPU
		{21B63251-43DA-41EE-84B7-C7B1527F5E61}.Release|Any CPU.Build.0 = Release|Any CPU
		{FF8B7E25-AD9B-487C-BF79-2DBF7B7E8C8C}.Debug|Any CPU.ActiveCfg = Debug|Any CPU
		{FF8B7E25-AD9B-487C-BF79-2DBF7B7E8C8C}.Debug|Any CPU.Build.0 = Debug|Any CPU
		{FF8B7E25-AD9B-487C-BF79-2DBF7B7E8C8C}.Release|Any CPU.ActiveCfg = Release|Any CPU
		{FF8B7E25-AD9B-487C-BF79-2DBF7B7E8C8C}.Release|Any CPU.Build.0 = Release|Any CPU
		{30230BB7-7A41-4D85-A9F5-A186A53835AC}.Debug|Any CPU.ActiveCfg = Debug|Any CPU
		{30230BB7-7A41-4D85-A9F5-A186A53835AC}.Debug|Any CPU.Build.0 = Debug|Any CPU
		{30230BB7-7A41-4D85-A9F5-A186A53835AC}.Release|Any CPU.ActiveCfg = Release|Any CPU
		{30230BB7-7A41-4D85-A9F5-A186A53835AC}.Release|Any CPU.Build.0 = Release|Any CPU
		{41C8CAB3-7D18-41D7-B58F-4B41533B6929}.Debug|Any CPU.ActiveCfg = Debug|Any CPU
		{41C8CAB3-7D18-41D7-B58F-4B41533B6929}.Debug|Any CPU.Build.0 = Debug|Any CPU
		{41C8CAB3-7D18-41D7-B58F-4B41533B6929}.Release|Any CPU.ActiveCfg = Release|Any CPU
		{41C8CAB3-7D18-41D7-B58F-4B41533B6929}.Release|Any CPU.Build.0 = Release|Any CPU
		{58757ED5-EEB4-4AB9-934A-91896EF97495}.Debug|Any CPU.ActiveCfg = Debug|Any CPU
		{58757ED5-EEB4-4AB9-934A-91896EF97495}.Debug|Any CPU.Build.0 = Debug|Any CPU
		{58757ED5-EEB4-4AB9-934A-91896EF97495}.Release|Any CPU.ActiveCfg = Release|Any CPU
		{58757ED5-EEB4-4AB9-934A-91896EF97495}.Release|Any CPU.Build.0 = Release|Any CPU
	EndGlobalSection
	GlobalSection(SolutionProperties) = preSolution
		HideSolutionNode = FALSE
	EndGlobalSection
	GlobalSection(ExtensibilityGlobals) = postSolution
		SolutionGuid = {9C128E56-E0CA-4E87-86C3-B3C732A64524}
	EndGlobalSection
EndGlobal
