
Microsoft Visual Studio Solution File, Format Version 12.00
# Visual Studio Version 17
VisualStudioVersion = 17.2.32630.192
MinimumVisualStudioVersion = 10.0.40219.1
Project("{9A19103F-16F7-4668-BE54-9A1E7A4F7556}") = "R5T.T0217.Construction", "R5T.T0217.Construction\R5T.T0217.Construction.csproj", "{FCABD09B-5377-452A-A30F-311186371734}"
EndProject
Project("{9A19103F-16F7-4668-BE54-9A1E7A4F7556}") = "R5T.T0217", "R5T.T0217\R5T.T0217.csproj", "{CF5EFB3B-D75A-4778-BE63-6101D9DB14CD}"
EndProject
Project("{2150E333-8FDC-42A3-9474-1A3956D46DE8}") = "_Dependencies", "_Dependencies", "{ADB45620-C9F5-4E84-9C57-B8DBDAAE668F}"
EndProject
Project("{9A19103F-16F7-4668-BE54-9A1E7A4F7556}") = "R5T.T0132", "..\..\R5T.T0132\source\R5T.T0132\R5T.T0132.csproj", "{3F75484E-B653-413A-8DAF-22577F1EF61C}"
EndProject
Project("{9A19103F-16F7-4668-BE54-9A1E7A4F7556}") = "R5T.T0143", "..\..\R5T.T0143\source\R5T.T0143\R5T.T0143.csproj", "{305956C2-CE66-45EC-A055-143D1FE62DE2}"
EndProject
Project("{9A19103F-16F7-4668-BE54-9A1E7A4F7556}") = "R5T.T0178", "..\..\R5T.T0178\source\R5T.T0178\R5T.T0178.csproj", "{81B3FF45-E06D-488B-8028-1DC31F26D7F4}"
EndProject
Project("{9A19103F-16F7-4668-BE54-9A1E7A4F7556}") = "R5T.T0179", "..\..\R5T.T0179\source\R5T.T0179\R5T.T0179.csproj", "{1223E375-505B-4000-8115-188A66AEEB27}"
EndProject
Project("{9A19103F-16F7-4668-BE54-9A1E7A4F7556}") = "R5T.T0131", "..\..\R5T.T0131\source\R5T.T0131\R5T.T0131.csproj", "{DC0C2440-57AA-467B-9F16-80390FBBB31D}"
EndProject
Project("{9A19103F-16F7-4668-BE54-9A1E7A4F7556}") = "R5T.T0142", "..\..\R5T.T0142\source\R5T.T0142\R5T.T0142.csproj", "{C859AC99-82D8-4670-B085-06FC7163EE02}"
EndProject
Project("{9A19103F-16F7-4668-BE54-9A1E7A4F7556}") = "R5T.T0217.F001", "R5T.T0217.F001\R5T.T0217.F001.csproj", "{B968A140-E34D-441D-A912-94725D02ECEF}"
EndProject
Project("{9A19103F-16F7-4668-BE54-9A1E7A4F7556}") = "R5T.F0000", "..\..\R5T.F0000\source\R5T.F0000\R5T.F0000.csproj", "{4C021B93-750E-403D-8532-C9A4F20FAF9C}"
EndProject
Project("{9A19103F-16F7-4668-BE54-9A1E7A4F7556}") = "R5T.F0002", "..\..\R5T.F0002\source\R5T.F0002\R5T.F0002.csproj", "{4FD03696-338B-41B0-8210-880E802D9AD6}"
EndProject
Project("{9A19103F-16F7-4668-BE54-9A1E7A4F7556}") = "R5T.F0059", "..\..\R5T.F0059\source\R5T.F0059\R5T.F0059.csproj", "{4B44E5DC-A2E7-4AC4-BC2E-050013E3F344}"
EndProject
Project("{9A19103F-16F7-4668-BE54-9A1E7A4F7556}") = "R5T.F0120", "..\..\R5T.F0120\source\R5T.F0120\R5T.F0120.csproj", "{34C9E4A8-3C95-4BFD-97BB-6E4F96C26199}"
EndProject
Project("{9A19103F-16F7-4668-BE54-9A1E7A4F7556}") = "R5T.F0124", "..\..\R5T.F0124\source\R5T.F0124\R5T.F0124.csproj", "{B0F5FB01-6ED3-48AA-8FB3-DC220003044C}"
EndProject
Project("{9A19103F-16F7-4668-BE54-9A1E7A4F7556}") = "R5T.F0125", "..\..\R5T.F0125\source\R5T.F0125\R5T.F0125.csproj", "{90C21E14-D3F8-429C-9FEF-CD2F765B7661}"
EndProject
Project("{9A19103F-16F7-4668-BE54-9A1E7A4F7556}") = "R5T.L0030.T000", "..\..\R5T.L0030\source\R5T.L0030.T000\R5T.L0030.T000.csproj", "{64AFF9A3-D283-4F02-9928-CFA416FA6F29}"
EndProject
Project("{9A19103F-16F7-4668-BE54-9A1E7A4F7556}") = "R5T.L0030", "..\..\R5T.L0030\source\R5T.L0030\R5T.L0030.csproj", "{8BC9B547-EF19-4EE8-9DA5-C1BE007E2C12}"
EndProject
Project("{9A19103F-16F7-4668-BE54-9A1E7A4F7556}") = "R5T.L0034", "..\..\R5T.L0034\source\R5T.L0034\R5T.L0034.csproj", "{C382E3F8-7C28-4922-AC92-E7FD8A82AF4E}"
EndProject
Project("{9A19103F-16F7-4668-BE54-9A1E7A4F7556}") = "R5T.L0035", "..\..\R5T.L0035\source\R5T.L0035\R5T.L0035.csproj", "{085C8B7D-B12B-4936-959A-8C6D5A2CDEA9}"
EndProject
Project("{9A19103F-16F7-4668-BE54-9A1E7A4F7556}") = "R5T.L0053", "..\..\R5T.L0053\source\R5T.L0053\R5T.L0053.csproj", "{E902F55D-410E-41F5-B31B-B588E8F46491}"
EndProject
Project("{9A19103F-16F7-4668-BE54-9A1E7A4F7556}") = "R5T.L0056", "..\..\R5T.L0056\source\R5T.L0056\R5T.L0056.csproj", "{CCFFDF64-E3DE-4A0B-8FB3-B8B7EB92C7A5}"
EndProject
Project("{9A19103F-16F7-4668-BE54-9A1E7A4F7556}") = "R5T.L0066", "..\..\R5T.L0066\source\R5T.L0066\R5T.L0066.csproj", "{E3F40B05-17EE-4EA2-AE8F-8115EFCCDE92}"
EndProject
Project("{9A19103F-16F7-4668-BE54-9A1E7A4F7556}") = "R5T.L0071", "..\..\R5T.L0071\source\R5T.L0071\R5T.L0071.csproj", "{335C2018-0401-435B-BCA6-29B2DE16B45A}"
EndProject
Project("{9A19103F-16F7-4668-BE54-9A1E7A4F7556}") = "R5T.L0074", "..\..\R5T.L0074\source\R5T.L0074\R5T.L0074.csproj", "{335AA219-A4D4-49C4-98AF-8AD2B049900D}"
EndProject
Project("{9A19103F-16F7-4668-BE54-9A1E7A4F7556}") = "R5T.L0089.F000", "..\..\R5T.L0089\source\R5T.L0089.F000\R5T.L0089.F000.csproj", "{0F4C3227-C4A7-48A8-BF62-8CECAB234F57}"
EndProject
Project("{9A19103F-16F7-4668-BE54-9A1E7A4F7556}") = "R5T.L0089.T000", "..\..\R5T.L0089\source\R5T.L0089.T000\R5T.L0089.T000.csproj", "{F9272FC8-12B8-43A2-9FC0-D24A490CEC47}"
EndProject
Project("{9A19103F-16F7-4668-BE54-9A1E7A4F7556}") = "R5T.L0089", "..\..\R5T.L0089\source\R5T.L0089\R5T.L0089.csproj", "{07961C23-B71C-4AF6-B9A7-5B0D51FE359C}"
EndProject
Project("{9A19103F-16F7-4668-BE54-9A1E7A4F7556}") = "R5T.NG0006", "..\..\R5T.NG0006\source\R5T.NG0006\R5T.NG0006.csproj", "{B74476DC-9C07-43DF-BCF5-7AE28DF6B563}"
EndProject
Project("{9A19103F-16F7-4668-BE54-9A1E7A4F7556}") = "R5T.NG0022", "..\..\R5T.NG0022\source\R5T.NG0022\R5T.NG0022.csproj", "{893D96F0-3C63-4784-89DD-329FD9DB2198}"
EndProject
Project("{9A19103F-16F7-4668-BE54-9A1E7A4F7556}") = "R5T.T0150", "..\..\R5T.T0150\source\R5T.T0150\R5T.T0150.csproj", "{B2038A7A-07B2-4D94-9629-18B6A1F3A07C}"
EndProject
Project("{9A19103F-16F7-4668-BE54-9A1E7A4F7556}") = "R5T.T0151", "..\..\R5T.T0151\source\R5T.T0151\R5T.T0151.csproj", "{4D2A1CC9-163C-4BDE-BBDA-31F9F151C65A}"
EndProject
Project("{9A19103F-16F7-4668-BE54-9A1E7A4F7556}") = "R5T.T0156", "..\..\R5T.T0156\source\R5T.T0156\R5T.T0156.csproj", "{866F6142-16FD-4B7E-8C6F-15BD0526E526}"
EndProject
Project("{9A19103F-16F7-4668-BE54-9A1E7A4F7556}") = "R5T.T0158", "..\..\R5T.T0158\source\R5T.T0158\R5T.T0158.csproj", "{DD59D260-E6CB-46E3-8A26-0F6FD422D0FE}"
EndProject
Project("{9A19103F-16F7-4668-BE54-9A1E7A4F7556}") = "R5T.T0159", "..\..\R5T.T0159\source\R5T.T0159\R5T.T0159.csproj", "{FB11E6B2-8BD5-4DF1-8D66-D5B978C5278E}"
EndProject
Project("{9A19103F-16F7-4668-BE54-9A1E7A4F7556}") = "R5T.T0172", "..\..\R5T.T0172\source\R5T.T0172\R5T.T0172.csproj", "{E5CD0872-BFFA-4BF2-A40D-6091D906BF69}"
EndProject
Project("{9A19103F-16F7-4668-BE54-9A1E7A4F7556}") = "R5T.T0174", "..\..\R5T.T0174\source\R5T.T0174\R5T.T0174.csproj", "{26E201FA-A558-4C38-9FE5-DF3D23ADF814}"
EndProject
Project("{9A19103F-16F7-4668-BE54-9A1E7A4F7556}") = "R5T.T0176", "..\..\R5T.T0176\source\R5T.T0176\R5T.T0176.csproj", "{69F56DC5-F419-4494-B3C4-4DCE48200E01}"
EndProject
Project("{9A19103F-16F7-4668-BE54-9A1E7A4F7556}") = "R5T.T0177", "..\..\R5T.T0177\source\R5T.T0177\R5T.T0177.csproj", "{4CC154D4-FD16-4FDA-B095-D1179D3D0AC4}"
EndProject
Project("{9A19103F-16F7-4668-BE54-9A1E7A4F7556}") = "R5T.T0180", "..\..\R5T.T0180\source\R5T.T0180\R5T.T0180.csproj", "{97AFAC13-EB5F-4106-923B-898A11EBAAA2}"
EndProject
Project("{9A19103F-16F7-4668-BE54-9A1E7A4F7556}") = "R5T.T0181", "..\..\R5T.T0181\source\R5T.T0181\R5T.T0181.csproj", "{888DEAAD-D606-4853-B08C-9A4FE62E130E}"
EndProject
Project("{9A19103F-16F7-4668-BE54-9A1E7A4F7556}") = "R5T.T0185", "..\..\R5T.T0185\source\R5T.T0185\R5T.T0185.csproj", "{9B50E293-679E-4ACC-96DF-71868071F607}"
EndProject
Project("{9A19103F-16F7-4668-BE54-9A1E7A4F7556}") = "R5T.T0199.T000", "..\..\R5T.T0199\source\R5T.T0199.T000\R5T.T0199.T000.csproj", "{936765BB-08E4-4B1B-801F-A928F237D16E}"
EndProject
Project("{9A19103F-16F7-4668-BE54-9A1E7A4F7556}") = "R5T.T0199.T001", "..\..\R5T.T0199\source\R5T.T0199.T001\R5T.T0199.T001.csproj", "{DA9510BA-4990-4112-959F-4D43F9C80F2F}"
EndProject
Project("{9A19103F-16F7-4668-BE54-9A1E7A4F7556}") = "R5T.T0199", "..\..\R5T.T0199\source\R5T.T0199\R5T.T0199.csproj", "{5AED0E5B-E8F8-46F9-9885-0CF673B4C267}"
EndProject
Project("{9A19103F-16F7-4668-BE54-9A1E7A4F7556}") = "R5T.T0203", "..\..\R5T.T0203\source\R5T.T0203\R5T.T0203.csproj", "{D83DC3A3-8EA5-4780-8FF4-65F3789F1AD3}"
EndProject
Project("{9A19103F-16F7-4668-BE54-9A1E7A4F7556}") = "R5T.T0213", "..\..\R5T.T0213\source\R5T.T0213\R5T.T0213.csproj", "{FD04799E-2803-4370-8719-93AC2C012ED7}"
EndProject
Project("{9A19103F-16F7-4668-BE54-9A1E7A4F7556}") = "R5T.T0218", "..\..\R5T.T0218\source\R5T.T0218\R5T.T0218.csproj", "{5E6D728B-45A8-49CD-9B78-D4A75526E238}"
EndProject
Project("{9A19103F-16F7-4668-BE54-9A1E7A4F7556}") = "R5T.T0219", "..\..\R5T.T0219\source\R5T.T0219\R5T.T0219.csproj", "{D352EB76-EE6D-40AF-B9E1-DDA598179196}"
EndProject
Project("{9A19103F-16F7-4668-BE54-9A1E7A4F7556}") = "R5T.T0220", "..\..\R5T.T0220\source\R5T.T0220\R5T.T0220.csproj", "{542E91B6-DEF5-4461-93EF-C2EA9C65AFDC}"
EndProject
Project("{9A19103F-16F7-4668-BE54-9A1E7A4F7556}") = "R5T.T0221", "..\..\R5T.T0221\source\R5T.T0221\R5T.T0221.csproj", "{9A1A8320-0B51-4B20-B591-266FAB820118}"
EndProject
Project("{9A19103F-16F7-4668-BE54-9A1E7A4F7556}") = "R5T.T0227", "..\..\R5T.T0227\source\R5T.T0227\R5T.T0227.csproj", "{18405C27-056E-404C-8C15-F4E3D595E31B}"
EndProject
Project("{9A19103F-16F7-4668-BE54-9A1E7A4F7556}") = "R5T.T0241", "..\..\R5T.T0241\source\R5T.T0241\R5T.T0241.csproj", "{596DB0FD-05F4-4A62-AFB3-E54A84F36FF6}"
EndProject
Project("{9A19103F-16F7-4668-BE54-9A1E7A4F7556}") = "R5T.T0252", "..\..\R5T.T0252\source\R5T.T0252\R5T.T0252.csproj", "{36D6B970-E68E-44C0-B9B2-932CFDF402E7}"
EndProject
Project("{9A19103F-16F7-4668-BE54-9A1E7A4F7556}") = "R5T.Y0000", "..\..\R5T.Y0000\source\R5T.Y0000\R5T.Y0000.csproj", "{D8CF3EC0-F99F-4090-B1E6-6454CC041166}"
EndProject
Project("{9A19103F-16F7-4668-BE54-9A1E7A4F7556}") = "R5T.Y0006", "..\..\R5T.Y0006\source\R5T.Y0006\R5T.Y0006.csproj", "{05F32FC0-DAF3-4DA2-848C-6BEC98C39B50}"
EndProject
Project("{9A19103F-16F7-4668-BE54-9A1E7A4F7556}") = "R5T.Z0000", "..\..\R5T.Z0000\source\R5T.Z0000\R5T.Z0000.csproj", "{821B9D30-A7A3-4141-92D2-19639DDB5657}"
EndProject
Project("{9A19103F-16F7-4668-BE54-9A1E7A4F7556}") = "R5T.Z0057.Platform", "..\..\R5T.Z0057\source\R5T.Z0057.Platform\R5T.Z0057.Platform.csproj", "{BDC525F7-0865-4C17-A9BF-177CE40112B7}"
EndProject
Project("{9A19103F-16F7-4668-BE54-9A1E7A4F7556}") = "R5T.Z0057", "..\..\R5T.Z0057\source\R5T.Z0057\R5T.Z0057.csproj", "{645BE432-CC12-4F8F-B181-1EACE9EA0A01}"
EndProject
Project("{9A19103F-16F7-4668-BE54-9A1E7A4F7556}") = "R5T.Z0058", "..\..\R5T.Z0058\source\R5T.Z0058\R5T.Z0058.csproj", "{3A9C76A4-3BEE-438A-847A-BE4B35CC0826}"
EndProject
Project("{9A19103F-16F7-4668-BE54-9A1E7A4F7556}") = "R5T.Z0072.Z000", "..\..\R5T.Z0072\source\R5T.Z0072.Z000\R5T.Z0072.Z000.csproj", "{BF1404C1-85D9-4D7B-9BCA-58A46D6FCF68}"
EndProject
Project("{9A19103F-16F7-4668-BE54-9A1E7A4F7556}") = "R5T.Z0072.Z001", "..\..\R5T.Z0072\source\R5T.Z0072.Z001\R5T.Z0072.Z001.csproj", "{7EE09438-1043-4809-BD6B-C81C848B75B1}"
EndProject
Project("{9A19103F-16F7-4668-BE54-9A1E7A4F7556}") = "R5T.Z0072.Z002", "..\..\R5T.Z0072\source\R5T.Z0072.Z002\R5T.Z0072.Z002.csproj", "{97641C06-5413-47FA-9BF8-6270BF1E95EF}"
EndProject
Project("{9A19103F-16F7-4668-BE54-9A1E7A4F7556}") = "R5T.Z0072.Z004", "..\..\R5T.Z0072\source\R5T.Z0072.Z004\R5T.Z0072.Z004.csproj", "{BFEC705E-F168-45B6-AAD5-8D831ADC87D5}"
EndProject
Global
	GlobalSection(NestedProjects) = preSolution
		{3F75484E-B653-413A-8DAF-22577F1EF61C} = {ADB45620-C9F5-4E84-9C57-B8DBDAAE668F}
		{305956C2-CE66-45EC-A055-143D1FE62DE2} = {ADB45620-C9F5-4E84-9C57-B8DBDAAE668F}
		{81B3FF45-E06D-488B-8028-1DC31F26D7F4} = {ADB45620-C9F5-4E84-9C57-B8DBDAAE668F}
		{1223E375-505B-4000-8115-188A66AEEB27} = {ADB45620-C9F5-4E84-9C57-B8DBDAAE668F}
		{DC0C2440-57AA-467B-9F16-80390FBBB31D} = {ADB45620-C9F5-4E84-9C57-B8DBDAAE668F}
		{C859AC99-82D8-4670-B085-06FC7163EE02} = {ADB45620-C9F5-4E84-9C57-B8DBDAAE668F}
		{4C021B93-750E-403D-8532-C9A4F20FAF9C} = {ADB45620-C9F5-4E84-9C57-B8DBDAAE668F}
		{4FD03696-338B-41B0-8210-880E802D9AD6} = {ADB45620-C9F5-4E84-9C57-B8DBDAAE668F}
		{4B44E5DC-A2E7-4AC4-BC2E-050013E3F344} = {ADB45620-C9F5-4E84-9C57-B8DBDAAE668F}
		{34C9E4A8-3C95-4BFD-97BB-6E4F96C26199} = {ADB45620-C9F5-4E84-9C57-B8DBDAAE668F}
		{B0F5FB01-6ED3-48AA-8FB3-DC220003044C} = {ADB45620-C9F5-4E84-9C57-B8DBDAAE668F}
		{90C21E14-D3F8-429C-9FEF-CD2F765B7661} = {ADB45620-C9F5-4E84-9C57-B8DBDAAE668F}
		{64AFF9A3-D283-4F02-9928-CFA416FA6F29} = {ADB45620-C9F5-4E84-9C57-B8DBDAAE668F}
		{8BC9B547-EF19-4EE8-9DA5-C1BE007E2C12} = {ADB45620-C9F5-4E84-9C57-B8DBDAAE668F}
		{C382E3F8-7C28-4922-AC92-E7FD8A82AF4E} = {ADB45620-C9F5-4E84-9C57-B8DBDAAE668F}
		{085C8B7D-B12B-4936-959A-8C6D5A2CDEA9} = {ADB45620-C9F5-4E84-9C57-B8DBDAAE668F}
		{E902F55D-410E-41F5-B31B-B588E8F46491} = {ADB45620-C9F5-4E84-9C57-B8DBDAAE668F}
		{CCFFDF64-E3DE-4A0B-8FB3-B8B7EB92C7A5} = {ADB45620-C9F5-4E84-9C57-B8DBDAAE668F}
		{E3F40B05-17EE-4EA2-AE8F-8115EFCCDE92} = {ADB45620-C9F5-4E84-9C57-B8DBDAAE668F}
		{335C2018-0401-435B-BCA6-29B2DE16B45A} = {ADB45620-C9F5-4E84-9C57-B8DBDAAE668F}
		{335AA219-A4D4-49C4-98AF-8AD2B049900D} = {ADB45620-C9F5-4E84-9C57-B8DBDAAE668F}
		{0F4C3227-C4A7-48A8-BF62-8CECAB234F57} = {ADB45620-C9F5-4E84-9C57-B8DBDAAE668F}
		{F9272FC8-12B8-43A2-9FC0-D24A490CEC47} = {ADB45620-C9F5-4E84-9C57-B8DBDAAE668F}
		{07961C23-B71C-4AF6-B9A7-5B0D51FE359C} = {ADB45620-C9F5-4E84-9C57-B8DBDAAE668F}
		{B74476DC-9C07-43DF-BCF5-7AE28DF6B563} = {ADB45620-C9F5-4E84-9C57-B8DBDAAE668F}
		{893D96F0-3C63-4784-89DD-329FD9DB2198} = {ADB45620-C9F5-4E84-9C57-B8DBDAAE668F}
		{B2038A7A-07B2-4D94-9629-18B6A1F3A07C} = {ADB45620-C9F5-4E84-9C57-B8DBDAAE668F}
		{4D2A1CC9-163C-4BDE-BBDA-31F9F151C65A} = {ADB45620-C9F5-4E84-9C57-B8DBDAAE668F}
		{866F6142-16FD-4B7E-8C6F-15BD0526E526} = {ADB45620-C9F5-4E84-9C57-B8DBDAAE668F}
		{DD59D260-E6CB-46E3-8A26-0F6FD422D0FE} = {ADB45620-C9F5-4E84-9C57-B8DBDAAE668F}
		{FB11E6B2-8BD5-4DF1-8D66-D5B978C5278E} = {ADB45620-C9F5-4E84-9C57-B8DBDAAE668F}
		{E5CD0872-BFFA-4BF2-A40D-6091D906BF69} = {ADB45620-C9F5-4E84-9C57-B8DBDAAE668F}
		{26E201FA-A558-4C38-9FE5-DF3D23ADF814} = {ADB45620-C9F5-4E84-9C57-B8DBDAAE668F}
		{69F56DC5-F419-4494-B3C4-4DCE48200E01} = {ADB45620-C9F5-4E84-9C57-B8DBDAAE668F}
		{4CC154D4-FD16-4FDA-B095-D1179D3D0AC4} = {ADB45620-C9F5-4E84-9C57-B8DBDAAE668F}
		{97AFAC13-EB5F-4106-923B-898A11EBAAA2} = {ADB45620-C9F5-4E84-9C57-B8DBDAAE668F}
		{888DEAAD-D606-4853-B08C-9A4FE62E130E} = {ADB45620-C9F5-4E84-9C57-B8DBDAAE668F}
		{9B50E293-679E-4ACC-96DF-71868071F607} = {ADB45620-C9F5-4E84-9C57-B8DBDAAE668F}
		{936765BB-08E4-4B1B-801F-A928F237D16E} = {ADB45620-C9F5-4E84-9C57-B8DBDAAE668F}
		{DA9510BA-4990-4112-959F-4D43F9C80F2F} = {ADB45620-C9F5-4E84-9C57-B8DBDAAE668F}
		{5AED0E5B-E8F8-46F9-9885-0CF673B4C267} = {ADB45620-C9F5-4E84-9C57-B8DBDAAE668F}
		{D83DC3A3-8EA5-4780-8FF4-65F3789F1AD3} = {ADB45620-C9F5-4E84-9C57-B8DBDAAE668F}
		{FD04799E-2803-4370-8719-93AC2C012ED7} = {ADB45620-C9F5-4E84-9C57-B8DBDAAE668F}
		{5E6D728B-45A8-49CD-9B78-D4A75526E238} = {ADB45620-C9F5-4E84-9C57-B8DBDAAE668F}
		{D352EB76-EE6D-40AF-B9E1-DDA598179196} = {ADB45620-C9F5-4E84-9C57-B8DBDAAE668F}
		{542E91B6-DEF5-4461-93EF-C2EA9C65AFDC} = {ADB45620-C9F5-4E84-9C57-B8DBDAAE668F}
		{9A1A8320-0B51-4B20-B591-266FAB820118} = {ADB45620-C9F5-4E84-9C57-B8DBDAAE668F}
		{18405C27-056E-404C-8C15-F4E3D595E31B} = {ADB45620-C9F5-4E84-9C57-B8DBDAAE668F}
		{596DB0FD-05F4-4A62-AFB3-E54A84F36FF6} = {ADB45620-C9F5-4E84-9C57-B8DBDAAE668F}
		{36D6B970-E68E-44C0-B9B2-932CFDF402E7} = {ADB45620-C9F5-4E84-9C57-B8DBDAAE668F}
		{D8CF3EC0-F99F-4090-B1E6-6454CC041166} = {ADB45620-C9F5-4E84-9C57-B8DBDAAE668F}
		{05F32FC0-DAF3-4DA2-848C-6BEC98C39B50} = {ADB45620-C9F5-4E84-9C57-B8DBDAAE668F}
		{821B9D30-A7A3-4141-92D2-19639DDB5657} = {ADB45620-C9F5-4E84-9C57-B8DBDAAE668F}
		{BDC525F7-0865-4C17-A9BF-177CE40112B7} = {ADB45620-C9F5-4E84-9C57-B8DBDAAE668F}
		{645BE432-CC12-4F8F-B181-1EACE9EA0A01} = {ADB45620-C9F5-4E84-9C57-B8DBDAAE668F}
		{3A9C76A4-3BEE-438A-847A-BE4B35CC0826} = {ADB45620-C9F5-4E84-9C57-B8DBDAAE668F}
		{BF1404C1-85D9-4D7B-9BCA-58A46D6FCF68} = {ADB45620-C9F5-4E84-9C57-B8DBDAAE668F}
		{7EE09438-1043-4809-BD6B-C81C848B75B1} = {ADB45620-C9F5-4E84-9C57-B8DBDAAE668F}
		{97641C06-5413-47FA-9BF8-6270BF1E95EF} = {ADB45620-C9F5-4E84-9C57-B8DBDAAE668F}
		{BFEC705E-F168-45B6-AAD5-8D831ADC87D5} = {ADB45620-C9F5-4E84-9C57-B8DBDAAE668F}
	EndGlobalSection
	GlobalSection(SolutionConfigurationPlatforms) = preSolution
		Debug|Any CPU = Debug|Any CPU
		Release|Any CPU = Release|Any CPU
	EndGlobalSection
	GlobalSection(ProjectConfigurationPlatforms) = postSolution
		{FCABD09B-5377-452A-A30F-311186371734}.Debug|Any CPU.ActiveCfg = Debug|Any CPU
		{FCABD09B-5377-452A-A30F-311186371734}.Debug|Any CPU.Build.0 = Debug|Any CPU
		{FCABD09B-5377-452A-A30F-311186371734}.Release|Any CPU.ActiveCfg = Release|Any CPU
		{FCABD09B-5377-452A-A30F-311186371734}.Release|Any CPU.Build.0 = Release|Any CPU
		{CF5EFB3B-D75A-4778-BE63-6101D9DB14CD}.Debug|Any CPU.ActiveCfg = Debug|Any CPU
		{CF5EFB3B-D75A-4778-BE63-6101D9DB14CD}.Debug|Any CPU.Build.0 = Debug|Any CPU
		{CF5EFB3B-D75A-4778-BE63-6101D9DB14CD}.Release|Any CPU.ActiveCfg = Release|Any CPU
		{CF5EFB3B-D75A-4778-BE63-6101D9DB14CD}.Release|Any CPU.Build.0 = Release|Any CPU
		{3F75484E-B653-413A-8DAF-22577F1EF61C}.Debug|Any CPU.ActiveCfg = Debug|Any CPU
		{3F75484E-B653-413A-8DAF-22577F1EF61C}.Debug|Any CPU.Build.0 = Debug|Any CPU
		{3F75484E-B653-413A-8DAF-22577F1EF61C}.Release|Any CPU.ActiveCfg = Release|Any CPU
		{3F75484E-B653-413A-8DAF-22577F1EF61C}.Release|Any CPU.Build.0 = Release|Any CPU
		{305956C2-CE66-45EC-A055-143D1FE62DE2}.Debug|Any CPU.ActiveCfg = Debug|Any CPU
		{305956C2-CE66-45EC-A055-143D1FE62DE2}.Debug|Any CPU.Build.0 = Debug|Any CPU
		{305956C2-CE66-45EC-A055-143D1FE62DE2}.Release|Any CPU.ActiveCfg = Release|Any CPU
		{305956C2-CE66-45EC-A055-143D1FE62DE2}.Release|Any CPU.Build.0 = Release|Any CPU
		{81B3FF45-E06D-488B-8028-1DC31F26D7F4}.Debug|Any CPU.ActiveCfg = Debug|Any CPU
		{81B3FF45-E06D-488B-8028-1DC31F26D7F4}.Debug|Any CPU.Build.0 = Debug|Any CPU
		{81B3FF45-E06D-488B-8028-1DC31F26D7F4}.Release|Any CPU.ActiveCfg = Release|Any CPU
		{81B3FF45-E06D-488B-8028-1DC31F26D7F4}.Release|Any CPU.Build.0 = Release|Any CPU
		{1223E375-505B-4000-8115-188A66AEEB27}.Debug|Any CPU.ActiveCfg = Debug|Any CPU
		{1223E375-505B-4000-8115-188A66AEEB27}.Debug|Any CPU.Build.0 = Debug|Any CPU
		{1223E375-505B-4000-8115-188A66AEEB27}.Release|Any CPU.ActiveCfg = Release|Any CPU
		{1223E375-505B-4000-8115-188A66AEEB27}.Release|Any CPU.Build.0 = Release|Any CPU
		{DC0C2440-57AA-467B-9F16-80390FBBB31D}.Debug|Any CPU.ActiveCfg = Debug|Any CPU
		{DC0C2440-57AA-467B-9F16-80390FBBB31D}.Debug|Any CPU.Build.0 = Debug|Any CPU
		{DC0C2440-57AA-467B-9F16-80390FBBB31D}.Release|Any CPU.ActiveCfg = Release|Any CPU
		{DC0C2440-57AA-467B-9F16-80390FBBB31D}.Release|Any CPU.Build.0 = Release|Any CPU
		{C859AC99-82D8-4670-B085-06FC7163EE02}.Debug|Any CPU.ActiveCfg = Debug|Any CPU
		{C859AC99-82D8-4670-B085-06FC7163EE02}.Debug|Any CPU.Build.0 = Debug|Any CPU
		{C859AC99-82D8-4670-B085-06FC7163EE02}.Release|Any CPU.ActiveCfg = Release|Any CPU
		{C859AC99-82D8-4670-B085-06FC7163EE02}.Release|Any CPU.Build.0 = Release|Any CPU
		{B968A140-E34D-441D-A912-94725D02ECEF}.Debug|Any CPU.ActiveCfg = Debug|Any CPU
		{B968A140-E34D-441D-A912-94725D02ECEF}.Debug|Any CPU.Build.0 = Debug|Any CPU
		{B968A140-E34D-441D-A912-94725D02ECEF}.Release|Any CPU.ActiveCfg = Release|Any CPU
		{B968A140-E34D-441D-A912-94725D02ECEF}.Release|Any CPU.Build.0 = Release|Any CPU
		{4C021B93-750E-403D-8532-C9A4F20FAF9C}.Debug|Any CPU.ActiveCfg = Debug|Any CPU
		{4C021B93-750E-403D-8532-C9A4F20FAF9C}.Debug|Any CPU.Build.0 = Debug|Any CPU
		{4C021B93-750E-403D-8532-C9A4F20FAF9C}.Release|Any CPU.ActiveCfg = Release|Any CPU
		{4C021B93-750E-403D-8532-C9A4F20FAF9C}.Release|Any CPU.Build.0 = Release|Any CPU
		{4FD03696-338B-41B0-8210-880E802D9AD6}.Debug|Any CPU.ActiveCfg = Debug|Any CPU
		{4FD03696-338B-41B0-8210-880E802D9AD6}.Debug|Any CPU.Build.0 = Debug|Any CPU
		{4FD03696-338B-41B0-8210-880E802D9AD6}.Release|Any CPU.ActiveCfg = Release|Any CPU
		{4FD03696-338B-41B0-8210-880E802D9AD6}.Release|Any CPU.Build.0 = Release|Any CPU
		{4B44E5DC-A2E7-4AC4-BC2E-050013E3F344}.Debug|Any CPU.ActiveCfg = Debug|Any CPU
		{4B44E5DC-A2E7-4AC4-BC2E-050013E3F344}.Debug|Any CPU.Build.0 = Debug|Any CPU
		{4B44E5DC-A2E7-4AC4-BC2E-050013E3F344}.Release|Any CPU.ActiveCfg = Release|Any CPU
		{4B44E5DC-A2E7-4AC4-BC2E-050013E3F344}.Release|Any CPU.Build.0 = Release|Any CPU
		{34C9E4A8-3C95-4BFD-97BB-6E4F96C26199}.Debug|Any CPU.ActiveCfg = Debug|Any CPU
		{34C9E4A8-3C95-4BFD-97BB-6E4F96C26199}.Debug|Any CPU.Build.0 = Debug|Any CPU
		{34C9E4A8-3C95-4BFD-97BB-6E4F96C26199}.Release|Any CPU.ActiveCfg = Release|Any CPU
		{34C9E4A8-3C95-4BFD-97BB-6E4F96C26199}.Release|Any CPU.Build.0 = Release|Any CPU
		{B0F5FB01-6ED3-48AA-8FB3-DC220003044C}.Debug|Any CPU.ActiveCfg = Debug|Any CPU
		{B0F5FB01-6ED3-48AA-8FB3-DC220003044C}.Debug|Any CPU.Build.0 = Debug|Any CPU
		{B0F5FB01-6ED3-48AA-8FB3-DC220003044C}.Release|Any CPU.ActiveCfg = Release|Any CPU
		{B0F5FB01-6ED3-48AA-8FB3-DC220003044C}.Release|Any CPU.Build.0 = Release|Any CPU
		{90C21E14-D3F8-429C-9FEF-CD2F765B7661}.Debug|Any CPU.ActiveCfg = Debug|Any CPU
		{90C21E14-D3F8-429C-9FEF-CD2F765B7661}.Debug|Any CPU.Build.0 = Debug|Any CPU
		{90C21E14-D3F8-429C-9FEF-CD2F765B7661}.Release|Any CPU.ActiveCfg = Release|Any CPU
		{90C21E14-D3F8-429C-9FEF-CD2F765B7661}.Release|Any CPU.Build.0 = Release|Any CPU
		{64AFF9A3-D283-4F02-9928-CFA416FA6F29}.Debug|Any CPU.ActiveCfg = Debug|Any CPU
		{64AFF9A3-D283-4F02-9928-CFA416FA6F29}.Debug|Any CPU.Build.0 = Debug|Any CPU
		{64AFF9A3-D283-4F02-9928-CFA416FA6F29}.Release|Any CPU.ActiveCfg = Release|Any CPU
		{64AFF9A3-D283-4F02-9928-CFA416FA6F29}.Release|Any CPU.Build.0 = Release|Any CPU
		{8BC9B547-EF19-4EE8-9DA5-C1BE007E2C12}.Debug|Any CPU.ActiveCfg = Debug|Any CPU
		{8BC9B547-EF19-4EE8-9DA5-C1BE007E2C12}.Debug|Any CPU.Build.0 = Debug|Any CPU
		{8BC9B547-EF19-4EE8-9DA5-C1BE007E2C12}.Release|Any CPU.ActiveCfg = Release|Any CPU
		{8BC9B547-EF19-4EE8-9DA5-C1BE007E2C12}.Release|Any CPU.Build.0 = Release|Any CPU
		{C382E3F8-7C28-4922-AC92-E7FD8A82AF4E}.Debug|Any CPU.ActiveCfg = Debug|Any CPU
		{C382E3F8-7C28-4922-AC92-E7FD8A82AF4E}.Debug|Any CPU.Build.0 = Debug|Any CPU
		{C382E3F8-7C28-4922-AC92-E7FD8A82AF4E}.Release|Any CPU.ActiveCfg = Release|Any CPU
		{C382E3F8-7C28-4922-AC92-E7FD8A82AF4E}.Release|Any CPU.Build.0 = Release|Any CPU
		{085C8B7D-B12B-4936-959A-8C6D5A2CDEA9}.Debug|Any CPU.ActiveCfg = Debug|Any CPU
		{085C8B7D-B12B-4936-959A-8C6D5A2CDEA9}.Debug|Any CPU.Build.0 = Debug|Any CPU
		{085C8B7D-B12B-4936-959A-8C6D5A2CDEA9}.Release|Any CPU.ActiveCfg = Release|Any CPU
		{085C8B7D-B12B-4936-959A-8C6D5A2CDEA9}.Release|Any CPU.Build.0 = Release|Any CPU
		{E902F55D-410E-41F5-B31B-B588E8F46491}.Debug|Any CPU.ActiveCfg = Debug|Any CPU
		{E902F55D-410E-41F5-B31B-B588E8F46491}.Debug|Any CPU.Build.0 = Debug|Any CPU
		{E902F55D-410E-41F5-B31B-B588E8F46491}.Release|Any CPU.ActiveCfg = Release|Any CPU
		{E902F55D-410E-41F5-B31B-B588E8F46491}.Release|Any CPU.Build.0 = Release|Any CPU
		{CCFFDF64-E3DE-4A0B-8FB3-B8B7EB92C7A5}.Debug|Any CPU.ActiveCfg = Debug|Any CPU
		{CCFFDF64-E3DE-4A0B-8FB3-B8B7EB92C7A5}.Debug|Any CPU.Build.0 = Debug|Any CPU
		{CCFFDF64-E3DE-4A0B-8FB3-B8B7EB92C7A5}.Release|Any CPU.ActiveCfg = Release|Any CPU
		{CCFFDF64-E3DE-4A0B-8FB3-B8B7EB92C7A5}.Release|Any CPU.Build.0 = Release|Any CPU
		{E3F40B05-17EE-4EA2-AE8F-8115EFCCDE92}.Debug|Any CPU.ActiveCfg = Debug|Any CPU
		{E3F40B05-17EE-4EA2-AE8F-8115EFCCDE92}.Debug|Any CPU.Build.0 = Debug|Any CPU
		{E3F40B05-17EE-4EA2-AE8F-8115EFCCDE92}.Release|Any CPU.ActiveCfg = Release|Any CPU
		{E3F40B05-17EE-4EA2-AE8F-8115EFCCDE92}.Release|Any CPU.Build.0 = Release|Any CPU
		{335C2018-0401-435B-BCA6-29B2DE16B45A}.Debug|Any CPU.ActiveCfg = Debug|Any CPU
		{335C2018-0401-435B-BCA6-29B2DE16B45A}.Debug|Any CPU.Build.0 = Debug|Any CPU
		{335C2018-0401-435B-BCA6-29B2DE16B45A}.Release|Any CPU.ActiveCfg = Release|Any CPU
		{335C2018-0401-435B-BCA6-29B2DE16B45A}.Release|Any CPU.Build.0 = Release|Any CPU
		{335AA219-A4D4-49C4-98AF-8AD2B049900D}.Debug|Any CPU.ActiveCfg = Debug|Any CPU
		{335AA219-A4D4-49C4-98AF-8AD2B049900D}.Debug|Any CPU.Build.0 = Debug|Any CPU
		{335AA219-A4D4-49C4-98AF-8AD2B049900D}.Release|Any CPU.ActiveCfg = Release|Any CPU
		{335AA219-A4D4-49C4-98AF-8AD2B049900D}.Release|Any CPU.Build.0 = Release|Any CPU
		{0F4C3227-C4A7-48A8-BF62-8CECAB234F57}.Debug|Any CPU.ActiveCfg = Debug|Any CPU
		{0F4C3227-C4A7-48A8-BF62-8CECAB234F57}.Debug|Any CPU.Build.0 = Debug|Any CPU
		{0F4C3227-C4A7-48A8-BF62-8CECAB234F57}.Release|Any CPU.ActiveCfg = Release|Any CPU
		{0F4C3227-C4A7-48A8-BF62-8CECAB234F57}.Release|Any CPU.Build.0 = Release|Any CPU
		{F9272FC8-12B8-43A2-9FC0-D24A490CEC47}.Debug|Any CPU.ActiveCfg = Debug|Any CPU
		{F9272FC8-12B8-43A2-9FC0-D24A490CEC47}.Debug|Any CPU.Build.0 = Debug|Any CPU
		{F9272FC8-12B8-43A2-9FC0-D24A490CEC47}.Release|Any CPU.ActiveCfg = Release|Any CPU
		{F9272FC8-12B8-43A2-9FC0-D24A490CEC47}.Release|Any CPU.Build.0 = Release|Any CPU
		{07961C23-B71C-4AF6-B9A7-5B0D51FE359C}.Debug|Any CPU.ActiveCfg = Debug|Any CPU
		{07961C23-B71C-4AF6-B9A7-5B0D51FE359C}.Debug|Any CPU.Build.0 = Debug|Any CPU
		{07961C23-B71C-4AF6-B9A7-5B0D51FE359C}.Release|Any CPU.ActiveCfg = Release|Any CPU
		{07961C23-B71C-4AF6-B9A7-5B0D51FE359C}.Release|Any CPU.Build.0 = Release|Any CPU
		{B74476DC-9C07-43DF-BCF5-7AE28DF6B563}.Debug|Any CPU.ActiveCfg = Debug|Any CPU
		{B74476DC-9C07-43DF-BCF5-7AE28DF6B563}.Debug|Any CPU.Build.0 = Debug|Any CPU
		{B74476DC-9C07-43DF-BCF5-7AE28DF6B563}.Release|Any CPU.ActiveCfg = Release|Any CPU
		{B74476DC-9C07-43DF-BCF5-7AE28DF6B563}.Release|Any CPU.Build.0 = Release|Any CPU
		{893D96F0-3C63-4784-89DD-329FD9DB2198}.Debug|Any CPU.ActiveCfg = Debug|Any CPU
		{893D96F0-3C63-4784-89DD-329FD9DB2198}.Debug|Any CPU.Build.0 = Debug|Any CPU
		{893D96F0-3C63-4784-89DD-329FD9DB2198}.Release|Any CPU.ActiveCfg = Release|Any CPU
		{893D96F0-3C63-4784-89DD-329FD9DB2198}.Release|Any CPU.Build.0 = Release|Any CPU
		{B2038A7A-07B2-4D94-9629-18B6A1F3A07C}.Debug|Any CPU.ActiveCfg = Debug|Any CPU
		{B2038A7A-07B2-4D94-9629-18B6A1F3A07C}.Debug|Any CPU.Build.0 = Debug|Any CPU
		{B2038A7A-07B2-4D94-9629-18B6A1F3A07C}.Release|Any CPU.ActiveCfg = Release|Any CPU
		{B2038A7A-07B2-4D94-9629-18B6A1F3A07C}.Release|Any CPU.Build.0 = Release|Any CPU
		{4D2A1CC9-163C-4BDE-BBDA-31F9F151C65A}.Debug|Any CPU.ActiveCfg = Debug|Any CPU
		{4D2A1CC9-163C-4BDE-BBDA-31F9F151C65A}.Debug|Any CPU.Build.0 = Debug|Any CPU
		{4D2A1CC9-163C-4BDE-BBDA-31F9F151C65A}.Release|Any CPU.ActiveCfg = Release|Any CPU
		{4D2A1CC9-163C-4BDE-BBDA-31F9F151C65A}.Release|Any CPU.Build.0 = Release|Any CPU
		{866F6142-16FD-4B7E-8C6F-15BD0526E526}.Debug|Any CPU.ActiveCfg = Debug|Any CPU
		{866F6142-16FD-4B7E-8C6F-15BD0526E526}.Debug|Any CPU.Build.0 = Debug|Any CPU
		{866F6142-16FD-4B7E-8C6F-15BD0526E526}.Release|Any CPU.ActiveCfg = Release|Any CPU
		{866F6142-16FD-4B7E-8C6F-15BD0526E526}.Release|Any CPU.Build.0 = Release|Any CPU
		{DD59D260-E6CB-46E3-8A26-0F6FD422D0FE}.Debug|Any CPU.ActiveCfg = Debug|Any CPU
		{DD59D260-E6CB-46E3-8A26-0F6FD422D0FE}.Debug|Any CPU.Build.0 = Debug|Any CPU
		{DD59D260-E6CB-46E3-8A26-0F6FD422D0FE}.Release|Any CPU.ActiveCfg = Release|Any CPU
		{DD59D260-E6CB-46E3-8A26-0F6FD422D0FE}.Release|Any CPU.Build.0 = Release|Any CPU
		{FB11E6B2-8BD5-4DF1-8D66-D5B978C5278E}.Debug|Any CPU.ActiveCfg = Debug|Any CPU
		{FB11E6B2-8BD5-4DF1-8D66-D5B978C5278E}.Debug|Any CPU.Build.0 = Debug|Any CPU
		{FB11E6B2-8BD5-4DF1-8D66-D5B978C5278E}.Release|Any CPU.ActiveCfg = Release|Any CPU
		{FB11E6B2-8BD5-4DF1-8D66-D5B978C5278E}.Release|Any CPU.Build.0 = Release|Any CPU
		{E5CD0872-BFFA-4BF2-A40D-6091D906BF69}.Debug|Any CPU.ActiveCfg = Debug|Any CPU
		{E5CD0872-BFFA-4BF2-A40D-6091D906BF69}.Debug|Any CPU.Build.0 = Debug|Any CPU
		{E5CD0872-BFFA-4BF2-A40D-6091D906BF69}.Release|Any CPU.ActiveCfg = Release|Any CPU
		{E5CD0872-BFFA-4BF2-A40D-6091D906BF69}.Release|Any CPU.Build.0 = Release|Any CPU
		{26E201FA-A558-4C38-9FE5-DF3D23ADF814}.Debug|Any CPU.ActiveCfg = Debug|Any CPU
		{26E201FA-A558-4C38-9FE5-DF3D23ADF814}.Debug|Any CPU.Build.0 = Debug|Any CPU
		{26E201FA-A558-4C38-9FE5-DF3D23ADF814}.Release|Any CPU.ActiveCfg = Release|Any CPU
		{26E201FA-A558-4C38-9FE5-DF3D23ADF814}.Release|Any CPU.Build.0 = Release|Any CPU
		{69F56DC5-F419-4494-B3C4-4DCE48200E01}.Debug|Any CPU.ActiveCfg = Debug|Any CPU
		{69F56DC5-F419-4494-B3C4-4DCE48200E01}.Debug|Any CPU.Build.0 = Debug|Any CPU
		{69F56DC5-F419-4494-B3C4-4DCE48200E01}.Release|Any CPU.ActiveCfg = Release|Any CPU
		{69F56DC5-F419-4494-B3C4-4DCE48200E01}.Release|Any CPU.Build.0 = Release|Any CPU
		{4CC154D4-FD16-4FDA-B095-D1179D3D0AC4}.Debug|Any CPU.ActiveCfg = Debug|Any CPU
		{4CC154D4-FD16-4FDA-B095-D1179D3D0AC4}.Debug|Any CPU.Build.0 = Debug|Any CPU
		{4CC154D4-FD16-4FDA-B095-D1179D3D0AC4}.Release|Any CPU.ActiveCfg = Release|Any CPU
		{4CC154D4-FD16-4FDA-B095-D1179D3D0AC4}.Release|Any CPU.Build.0 = Release|Any CPU
		{97AFAC13-EB5F-4106-923B-898A11EBAAA2}.Debug|Any CPU.ActiveCfg = Debug|Any CPU
		{97AFAC13-EB5F-4106-923B-898A11EBAAA2}.Debug|Any CPU.Build.0 = Debug|Any CPU
		{97AFAC13-EB5F-4106-923B-898A11EBAAA2}.Release|Any CPU.ActiveCfg = Release|Any CPU
		{97AFAC13-EB5F-4106-923B-898A11EBAAA2}.Release|Any CPU.Build.0 = Release|Any CPU
		{888DEAAD-D606-4853-B08C-9A4FE62E130E}.Debug|Any CPU.ActiveCfg = Debug|Any CPU
		{888DEAAD-D606-4853-B08C-9A4FE62E130E}.Debug|Any CPU.Build.0 = Debug|Any CPU
		{888DEAAD-D606-4853-B08C-9A4FE62E130E}.Release|Any CPU.ActiveCfg = Release|Any CPU
		{888DEAAD-D606-4853-B08C-9A4FE62E130E}.Release|Any CPU.Build.0 = Release|Any CPU
		{9B50E293-679E-4ACC-96DF-71868071F607}.Debug|Any CPU.ActiveCfg = Debug|Any CPU
		{9B50E293-679E-4ACC-96DF-71868071F607}.Debug|Any CPU.Build.0 = Debug|Any CPU
		{9B50E293-679E-4ACC-96DF-71868071F607}.Release|Any CPU.ActiveCfg = Release|Any CPU
		{9B50E293-679E-4ACC-96DF-71868071F607}.Release|Any CPU.Build.0 = Release|Any CPU
		{936765BB-08E4-4B1B-801F-A928F237D16E}.Debug|Any CPU.ActiveCfg = Debug|Any CPU
		{936765BB-08E4-4B1B-801F-A928F237D16E}.Debug|Any CPU.Build.0 = Debug|Any CPU
		{936765BB-08E4-4B1B-801F-A928F237D16E}.Release|Any CPU.ActiveCfg = Release|Any CPU
		{936765BB-08E4-4B1B-801F-A928F237D16E}.Release|Any CPU.Build.0 = Release|Any CPU
		{DA9510BA-4990-4112-959F-4D43F9C80F2F}.Debug|Any CPU.ActiveCfg = Debug|Any CPU
		{DA9510BA-4990-4112-959F-4D43F9C80F2F}.Debug|Any CPU.Build.0 = Debug|Any CPU
		{DA9510BA-4990-4112-959F-4D43F9C80F2F}.Release|Any CPU.ActiveCfg = Release|Any CPU
		{DA9510BA-4990-4112-959F-4D43F9C80F2F}.Release|Any CPU.Build.0 = Release|Any CPU
		{5AED0E5B-E8F8-46F9-9885-0CF673B4C267}.Debug|Any CPU.ActiveCfg = Debug|Any CPU
		{5AED0E5B-E8F8-46F9-9885-0CF673B4C267}.Debug|Any CPU.Build.0 = Debug|Any CPU
		{5AED0E5B-E8F8-46F9-9885-0CF673B4C267}.Release|Any CPU.ActiveCfg = Release|Any CPU
		{5AED0E5B-E8F8-46F9-9885-0CF673B4C267}.Release|Any CPU.Build.0 = Release|Any CPU
		{D83DC3A3-8EA5-4780-8FF4-65F3789F1AD3}.Debug|Any CPU.ActiveCfg = Debug|Any CPU
		{D83DC3A3-8EA5-4780-8FF4-65F3789F1AD3}.Debug|Any CPU.Build.0 = Debug|Any CPU
		{D83DC3A3-8EA5-4780-8FF4-65F3789F1AD3}.Release|Any CPU.ActiveCfg = Release|Any CPU
		{D83DC3A3-8EA5-4780-8FF4-65F3789F1AD3}.Release|Any CPU.Build.0 = Release|Any CPU
		{FD04799E-2803-4370-8719-93AC2C012ED7}.Debug|Any CPU.ActiveCfg = Debug|Any CPU
		{FD04799E-2803-4370-8719-93AC2C012ED7}.Debug|Any CPU.Build.0 = Debug|Any CPU
		{FD04799E-2803-4370-8719-93AC2C012ED7}.Release|Any CPU.ActiveCfg = Release|Any CPU
		{FD04799E-2803-4370-8719-93AC2C012ED7}.Release|Any CPU.Build.0 = Release|Any CPU
		{5E6D728B-45A8-49CD-9B78-D4A75526E238}.Debug|Any CPU.ActiveCfg = Debug|Any CPU
		{5E6D728B-45A8-49CD-9B78-D4A75526E238}.Debug|Any CPU.Build.0 = Debug|Any CPU
		{5E6D728B-45A8-49CD-9B78-D4A75526E238}.Release|Any CPU.ActiveCfg = Release|Any CPU
		{5E6D728B-45A8-49CD-9B78-D4A75526E238}.Release|Any CPU.Build.0 = Release|Any CPU
		{D352EB76-EE6D-40AF-B9E1-DDA598179196}.Debug|Any CPU.ActiveCfg = Debug|Any CPU
		{D352EB76-EE6D-40AF-B9E1-DDA598179196}.Debug|Any CPU.Build.0 = Debug|Any CPU
		{D352EB76-EE6D-40AF-B9E1-DDA598179196}.Release|Any CPU.ActiveCfg = Release|Any CPU
		{D352EB76-EE6D-40AF-B9E1-DDA598179196}.Release|Any CPU.Build.0 = Release|Any CPU
		{542E91B6-DEF5-4461-93EF-C2EA9C65AFDC}.Debug|Any CPU.ActiveCfg = Debug|Any CPU
		{542E91B6-DEF5-4461-93EF-C2EA9C65AFDC}.Debug|Any CPU.Build.0 = Debug|Any CPU
		{542E91B6-DEF5-4461-93EF-C2EA9C65AFDC}.Release|Any CPU.ActiveCfg = Release|Any CPU
		{542E91B6-DEF5-4461-93EF-C2EA9C65AFDC}.Release|Any CPU.Build.0 = Release|Any CPU
		{9A1A8320-0B51-4B20-B591-266FAB820118}.Debug|Any CPU.ActiveCfg = Debug|Any CPU
		{9A1A8320-0B51-4B20-B591-266FAB820118}.Debug|Any CPU.Build.0 = Debug|Any CPU
		{9A1A8320-0B51-4B20-B591-266FAB820118}.Release|Any CPU.ActiveCfg = Release|Any CPU
		{9A1A8320-0B51-4B20-B591-266FAB820118}.Release|Any CPU.Build.0 = Release|Any CPU
		{18405C27-056E-404C-8C15-F4E3D595E31B}.Debug|Any CPU.ActiveCfg = Debug|Any CPU
		{18405C27-056E-404C-8C15-F4E3D595E31B}.Debug|Any CPU.Build.0 = Debug|Any CPU
		{18405C27-056E-404C-8C15-F4E3D595E31B}.Release|Any CPU.ActiveCfg = Release|Any CPU
		{18405C27-056E-404C-8C15-F4E3D595E31B}.Release|Any CPU.Build.0 = Release|Any CPU
		{596DB0FD-05F4-4A62-AFB3-E54A84F36FF6}.Debug|Any CPU.ActiveCfg = Debug|Any CPU
		{596DB0FD-05F4-4A62-AFB3-E54A84F36FF6}.Debug|Any CPU.Build.0 = Debug|Any CPU
		{596DB0FD-05F4-4A62-AFB3-E54A84F36FF6}.Release|Any CPU.ActiveCfg = Release|Any CPU
		{596DB0FD-05F4-4A62-AFB3-E54A84F36FF6}.Release|Any CPU.Build.0 = Release|Any CPU
		{36D6B970-E68E-44C0-B9B2-932CFDF402E7}.Debug|Any CPU.ActiveCfg = Debug|Any CPU
		{36D6B970-E68E-44C0-B9B2-932CFDF402E7}.Debug|Any CPU.Build.0 = Debug|Any CPU
		{36D6B970-E68E-44C0-B9B2-932CFDF402E7}.Release|Any CPU.ActiveCfg = Release|Any CPU
		{36D6B970-E68E-44C0-B9B2-932CFDF402E7}.Release|Any CPU.Build.0 = Release|Any CPU
		{D8CF3EC0-F99F-4090-B1E6-6454CC041166}.Debug|Any CPU.ActiveCfg = Debug|Any CPU
		{D8CF3EC0-F99F-4090-B1E6-6454CC041166}.Debug|Any CPU.Build.0 = Debug|Any CPU
		{D8CF3EC0-F99F-4090-B1E6-6454CC041166}.Release|Any CPU.ActiveCfg = Release|Any CPU
		{D8CF3EC0-F99F-4090-B1E6-6454CC041166}.Release|Any CPU.Build.0 = Release|Any CPU
		{05F32FC0-DAF3-4DA2-848C-6BEC98C39B50}.Debug|Any CPU.ActiveCfg = Debug|Any CPU
		{05F32FC0-DAF3-4DA2-848C-6BEC98C39B50}.Debug|Any CPU.Build.0 = Debug|Any CPU
		{05F32FC0-DAF3-4DA2-848C-6BEC98C39B50}.Release|Any CPU.ActiveCfg = Release|Any CPU
		{05F32FC0-DAF3-4DA2-848C-6BEC98C39B50}.Release|Any CPU.Build.0 = Release|Any CPU
		{821B9D30-A7A3-4141-92D2-19639DDB5657}.Debug|Any CPU.ActiveCfg = Debug|Any CPU
		{821B9D30-A7A3-4141-92D2-19639DDB5657}.Debug|Any CPU.Build.0 = Debug|Any CPU
		{821B9D30-A7A3-4141-92D2-19639DDB5657}.Release|Any CPU.ActiveCfg = Release|Any CPU
		{821B9D30-A7A3-4141-92D2-19639DDB5657}.Release|Any CPU.Build.0 = Release|Any CPU
		{BDC525F7-0865-4C17-A9BF-177CE40112B7}.Debug|Any CPU.ActiveCfg = Debug|Any CPU
		{BDC525F7-0865-4C17-A9BF-177CE40112B7}.Debug|Any CPU.Build.0 = Debug|Any CPU
		{BDC525F7-0865-4C17-A9BF-177CE40112B7}.Release|Any CPU.ActiveCfg = Release|Any CPU
		{BDC525F7-0865-4C17-A9BF-177CE40112B7}.Release|Any CPU.Build.0 = Release|Any CPU
		{645BE432-CC12-4F8F-B181-1EACE9EA0A01}.Debug|Any CPU.ActiveCfg = Debug|Any CPU
		{645BE432-CC12-4F8F-B181-1EACE9EA0A01}.Debug|Any CPU.Build.0 = Debug|Any CPU
		{645BE432-CC12-4F8F-B181-1EACE9EA0A01}.Release|Any CPU.ActiveCfg = Release|Any CPU
		{645BE432-CC12-4F8F-B181-1EACE9EA0A01}.Release|Any CPU.Build.0 = Release|Any CPU
		{3A9C76A4-3BEE-438A-847A-BE4B35CC0826}.Debug|Any CPU.ActiveCfg = Debug|Any CPU
		{3A9C76A4-3BEE-438A-847A-BE4B35CC0826}.Debug|Any CPU.Build.0 = Debug|Any CPU
		{3A9C76A4-3BEE-438A-847A-BE4B35CC0826}.Release|Any CPU.ActiveCfg = Release|Any CPU
		{3A9C76A4-3BEE-438A-847A-BE4B35CC0826}.Release|Any CPU.Build.0 = Release|Any CPU
		{BF1404C1-85D9-4D7B-9BCA-58A46D6FCF68}.Debug|Any CPU.ActiveCfg = Debug|Any CPU
		{BF1404C1-85D9-4D7B-9BCA-58A46D6FCF68}.Debug|Any CPU.Build.0 = Debug|Any CPU
		{BF1404C1-85D9-4D7B-9BCA-58A46D6FCF68}.Release|Any CPU.ActiveCfg = Release|Any CPU
		{BF1404C1-85D9-4D7B-9BCA-58A46D6FCF68}.Release|Any CPU.Build.0 = Release|Any CPU
		{7EE09438-1043-4809-BD6B-C81C848B75B1}.Debug|Any CPU.ActiveCfg = Debug|Any CPU
		{7EE09438-1043-4809-BD6B-C81C848B75B1}.Debug|Any CPU.Build.0 = Debug|Any CPU
		{7EE09438-1043-4809-BD6B-C81C848B75B1}.Release|Any CPU.ActiveCfg = Release|Any CPU
		{7EE09438-1043-4809-BD6B-C81C848B75B1}.Release|Any CPU.Build.0 = Release|Any CPU
		{97641C06-5413-47FA-9BF8-6270BF1E95EF}.Debug|Any CPU.ActiveCfg = Debug|Any CPU
		{97641C06-5413-47FA-9BF8-6270BF1E95EF}.Debug|Any CPU.Build.0 = Debug|Any CPU
		{97641C06-5413-47FA-9BF8-6270BF1E95EF}.Release|Any CPU.ActiveCfg = Release|Any CPU
		{97641C06-5413-47FA-9BF8-6270BF1E95EF}.Release|Any CPU.Build.0 = Release|Any CPU
		{BFEC705E-F168-45B6-AAD5-8D831ADC87D5}.Debug|Any CPU.ActiveCfg = Debug|Any CPU
		{BFEC705E-F168-45B6-AAD5-8D831ADC87D5}.Debug|Any CPU.Build.0 = Debug|Any CPU
		{BFEC705E-F168-45B6-AAD5-8D831ADC87D5}.Release|Any CPU.ActiveCfg = Release|Any CPU
		{BFEC705E-F168-45B6-AAD5-8D831ADC87D5}.Release|Any CPU.Build.0 = Release|Any CPU
	EndGlobalSection
	GlobalSection(SolutionProperties) = preSolution
		HideSolutionNode = FALSE
	EndGlobalSection
	GlobalSection(ExtensibilityGlobals) = postSolution
		SolutionGuid = {90EFFA53-635F-490C-AB52-3339E1F371A6}
	EndGlobalSection
EndGlobal
